// !$*UTF8*$!
{
	archiveVersion = 1;
	classes = {
	};
	objectVersion = 77;
	objects = {

/* Begin PBXBuildFile section */
		0283EABBC25562277EE448FC /* SessionRecord.swift in Sources */ = {isa = PBXBuildFile; fileRef = E867749ECB5C90A82A63D22A /* SessionRecord.swift */; };
		03D12E1FAC8225EB99A6DA3E /* WelcomeStepView.swift in Sources */ = {isa = PBXBuildFile; fileRef = 96E2FFAFF16C3A18766B546F /* WelcomeStepView.swift */; };
		043A08FE6EAC2F093BD46616 /* UpdaterController.swift in Sources */ = {isa = PBXBuildFile; fileRef = 42AAF1F25A9CE998FDC8BF91 /* UpdaterController.swift */; };
		0460DBB2D0D2CA5D35908B8A /* finished.png in Resources */ = {isa = PBXBuildFile; fileRef = 3C6FEC33D7C97FE367BFF051 /* finished.png */; };
		094BDC89D7304F9A2D648DFA /* ThemeRendererTests.swift in Sources */ = {isa = PBXBuildFile; fileRef = AE5540D6CF756DB86548D57B /* ThemeRendererTests.swift */; };
		0BD9E800A6D68844A24F4AA7 /* FamiliarSpriteView.swift in Sources */ = {isa = PBXBuildFile; fileRef = BE953E0FD48223CB81DB5A5E /* FamiliarSpriteView.swift */; };
		15A5D6F4E65A0A42A7972014 /* JSONLIndexerTests.swift in Sources */ = {isa = PBXBuildFile; fileRef = 9799D641C54F556C58A49FAA /* JSONLIndexerTests.swift */; };
		167CC010789718DBE840FAEA /* SpriteAccentRendererTests.swift in Sources */ = {isa = PBXBuildFile; fileRef = FF80AE42E73EE052E333D850 /* SpriteAccentRendererTests.swift */; };
		20BF133D7F1254303C90E006 /* PerchTheme.swift in Sources */ = {isa = PBXBuildFile; fileRef = B0800E3B42548CFA3442B36A /* PerchTheme.swift */; };
		211ECB3456FFF6F8DDF230E4 /* SessionStoreDiscoveryIntegrationTests.swift in Sources */ = {isa = PBXBuildFile; fileRef = 33FAEFBCD720DB90D3034F57 /* SessionStoreDiscoveryIntegrationTests.swift */; };
		23EB2F5F026C8EC9A9DC5995 /* LifecycleState.swift in Sources */ = {isa = PBXBuildFile; fileRef = D401501465952DF332DF8E98 /* LifecycleState.swift */; };
		2425FFB732557301BE7D10D4 /* LiveClaudeProcessSnapshotter.swift in Sources */ = {isa = PBXBuildFile; fileRef = 13E314A26CDFCA78E1576F42 /* LiveClaudeProcessSnapshotter.swift */; };
		247738525520FA5DCB7EC5BF /* ProcessLocator.swift in Sources */ = {isa = PBXBuildFile; fileRef = 30E1FC844FC6CABD0324F8A6 /* ProcessLocator.swift */; };
		24D2FEBC3C2A0CAC032BB05E /* HookInstallationStatus.swift in Sources */ = {isa = PBXBuildFile; fileRef = 545B94E9B9B851206206D7A9 /* HookInstallationStatus.swift */; };
		2B01615297A6683383E155CF /* idle.png in Resources */ = {isa = PBXBuildFile; fileRef = 30388DD74DFE901E6F4B219B /* idle.png */; };
		33EABE946C8A811879371590 /* InstallerError.swift in Sources */ = {isa = PBXBuildFile; fileRef = 7FE06AC8473C9EA71D6E008C /* InstallerError.swift */; };
		34C8AF582B398DE1D158CB9C /* OnboardingCoordinatorTests.swift in Sources */ = {isa = PBXBuildFile; fileRef = F5E78ECFBCD358AA77538C59 /* OnboardingCoordinatorTests.swift */; };
		35AB83761083E6E5A36F9944 /* SessionDiscovery.swift in Sources */ = {isa = PBXBuildFile; fileRef = C3AB20DBB1B5B73261D4E74F /* SessionDiscovery.swift */; };
		360ED75074DAE3825C409E43 /* HookRouter.swift in Sources */ = {isa = PBXBuildFile; fileRef = B5504BBA2F073DC7C6A4E6E8 /* HookRouter.swift */; };
		361C135902CAD47C4D258366 /* TranscriptEvent.swift in Sources */ = {isa = PBXBuildFile; fileRef = C0E0D6D6E14069B7B357900C /* TranscriptEvent.swift */; };
		377195DB7A487CC49A27F673 /* SpriteDescriptor.swift in Sources */ = {isa = PBXBuildFile; fileRef = 93F62E049CBF5F9AFE7C79B7 /* SpriteDescriptor.swift */; };
		3835B97A0A0752C620DCA3B8 /* TerminalBundle.swift in Sources */ = {isa = PBXBuildFile; fileRef = 6B3C41EFDE4C2473AA20F86A /* TerminalBundle.swift */; };
		3A264A24EC604E212E4DEB20 /* OnboardingRootView.swift in Sources */ = {isa = PBXBuildFile; fileRef = 2BEB810FD07E1D77199A9B56 /* OnboardingRootView.swift */; };
		3A728889FDD049855BD6FD3C /* StatusBadge.swift in Sources */ = {isa = PBXBuildFile; fileRef = 66B078A09B8E15B206BB1F24 /* StatusBadge.swift */; };
		3EEB158EAE5F34731E796E90 /* HooksStepView.swift in Sources */ = {isa = PBXBuildFile; fileRef = F5C436E7AE36A0662CDBF699 /* HooksStepView.swift */; };
		3EFC1516B9F00C9000D15592 /* HookServerError.swift in Sources */ = {isa = PBXBuildFile; fileRef = 01423904D39F593E4C8DA668 /* HookServerError.swift */; };
		415C018DB200CEFD391F5CB6 /* HookRequestParser.swift in Sources */ = {isa = PBXBuildFile; fileRef = 5A0832624780000D77B05609 /* HookRequestParser.swift */; };
		4250823A3E4370FDBD56E2B2 /* HookServer.swift in Sources */ = {isa = PBXBuildFile; fileRef = 77EEA55D173B2A10C5CE1B8F /* HookServer.swift */; };
		425942499EB14F039BAF9247 /* watching.png in Resources */ = {isa = PBXBuildFile; fileRef = 8DBB7E4D356FE5E5893F6358 /* watching.png */; };
		427D7B3E933DC82318B9032D /* DatabaseManager.swift in Sources */ = {isa = PBXBuildFile; fileRef = 82B757B195D717671A263CD6 /* DatabaseManager.swift */; };
		43419DBBFAA9A7474A23716E /* Assets.xcassets in Resources */ = {isa = PBXBuildFile; fileRef = C0D5083ED2EA9CA77CD69447 /* Assets.xcassets */; };
		43DB4FE295991FDFCEB493E3 /* HookServerConfiguration.swift in Sources */ = {isa = PBXBuildFile; fileRef = 528A9450640A415BFB84794C /* HookServerConfiguration.swift */; };
		465BA40CB5C468D8D34AB3BC /* SenecaTone.swift in Sources */ = {isa = PBXBuildFile; fileRef = BB8E8D7900146CE925C40A43 /* SenecaTone.swift */; };
		47F1275A0123BAA61BED99FB /* JSONLParserTests.swift in Sources */ = {isa = PBXBuildFile; fileRef = 464DFB795ABC75FBA6BEE227 /* JSONLParserTests.swift */; };
		4809041733D5E077A571115E /* DiscoveredSession.swift in Sources */ = {isa = PBXBuildFile; fileRef = 9D170167D1C7FAA411BD6CC6 /* DiscoveredSession.swift */; };
		4B305C8D2DB93F7FFD50DF7E /* DatabaseRebuildTests.swift in Sources */ = {isa = PBXBuildFile; fileRef = 08EF3A5F779A564C55951D0B /* DatabaseRebuildTests.swift */; };
		4BA1825172CA353597F5F6C7 /* TerminalJumpServiceTests.swift in Sources */ = {isa = PBXBuildFile; fileRef = 25600E42493347547D3C069A /* TerminalJumpServiceTests.swift */; };
		4E7C17565FA860167A578F3A /* SessionStoreTests.swift in Sources */ = {isa = PBXBuildFile; fileRef = 719EB739AEEEC9D06251585F /* SessionStoreTests.swift */; };
		4EA2E34906995444CF2FF2EF /* HookInstallerView.swift in Sources */ = {isa = PBXBuildFile; fileRef = E31A7A3E685F076271676023 /* HookInstallerView.swift */; };
		4F1CECAA3B847E453A431917 /* LaunchAtLoginStepView.swift in Sources */ = {isa = PBXBuildFile; fileRef = 0383B8317885F621C68BD55F /* LaunchAtLoginStepView.swift */; };
		4FBA7A4E4FF8A399E133A893 /* alert.png in Resources */ = {isa = PBXBuildFile; fileRef = 2F2B3ADFFC40F5E2E1CA5AA7 /* alert.png */; };
		4FBBA1EFF047D39BA2765581 /* ThemeValidation.swift in Sources */ = {isa = PBXBuildFile; fileRef = FEE76DF54BD6F5A9849FE2F5 /* ThemeValidation.swift */; };
		51A0974F95AAFD76BA72F73B /* PermissionPromptTests.swift in Sources */ = {isa = PBXBuildFile; fileRef = AD000764C4B5FFA8C7EBF255 /* PermissionPromptTests.swift */; };
		5568BB17F0AECDCF2F305990 /* TranscriptLineParserTests.swift in Sources */ = {isa = PBXBuildFile; fileRef = 8EE3A2CAD31AD6A045C5E4B8 /* TranscriptLineParserTests.swift */; };
		564351C32A815B056076679F /* SessionRowView.swift in Sources */ = {isa = PBXBuildFile; fileRef = 463168C7A038F8AF3EB5F4E4 /* SessionRowView.swift */; };
		59218108D9BEBB6BDA3A2F7B /* PerchBundle.swift in Sources */ = {isa = PBXBuildFile; fileRef = 285ABB0A70DEEF1EB273BB34 /* PerchBundle.swift */; };
		59E47E209F8A1F532BCB1A9F /* AppDelegate.swift in Sources */ = {isa = PBXBuildFile; fileRef = 4CBA836A3094E9A122DFCD62 /* AppDelegate.swift */; };
		5CD4E9269FA6673B86A0DD31 /* TranscriptLineParser.swift in Sources */ = {isa = PBXBuildFile; fileRef = AA530307A30475833ECE543E /* TranscriptLineParser.swift */; };
		6212F2D4E54766ABDC952B6D /* AppEnvironment.swift in Sources */ = {isa = PBXBuildFile; fileRef = 8EC20C21D9CE9A2DE2D70A1D /* AppEnvironment.swift */; };
		66B07D5635C8A78DD0F5AFA9 /* PerchCleanupMigrator.swift in Sources */ = {isa = PBXBuildFile; fileRef = A49B8683D1DAD82A9EE116A0 /* PerchCleanupMigrator.swift */; };
		68A555FF08765328D5551E57 /* DatabaseMigrations.swift in Sources */ = {isa = PBXBuildFile; fileRef = E15FBC49F93DAE77D338AC42 /* DatabaseMigrations.swift */; };
		6BD4057D49204A07B554372A /* EmptyStateView.swift in Sources */ = {isa = PBXBuildFile; fileRef = 50B83FFA8DCF6E2919AB2D5E /* EmptyStateView.swift */; };
		6C78E74FC5A146F2A17EDDBF /* HookRouterTests.swift in Sources */ = {isa = PBXBuildFile; fileRef = A4D96E8A29C1C6D2F9836E13 /* HookRouterTests.swift */; };
		6D161456DF39766BF61C73F0 /* SettingsView.swift in Sources */ = {isa = PBXBuildFile; fileRef = 74BB2FBC28809244D09B67EA /* SettingsView.swift */; };
		6D2DF99257883528DD976D57 /* OnboardingWindowController.swift in Sources */ = {isa = PBXBuildFile; fileRef = 8A9E40CC9B07F8B672649E21 /* OnboardingWindowController.swift */; };
		6E990B3DDF1E58C15E67A38B /* Sparkle in Frameworks */ = {isa = PBXBuildFile; productRef = E3BB5F1DB6BAED23E792A030 /* Sparkle */; };
		6EE538A6E277F6145BFB0BD8 /* FamiliarBlindnessTests.swift in Sources */ = {isa = PBXBuildFile; fileRef = CF993857FB9822DC671DAE16 /* FamiliarBlindnessTests.swift */; };
		6EF1CA825459C38B4ED0BED7 /* HookServerTests.swift in Sources */ = {isa = PBXBuildFile; fileRef = CCB4CEF33E43E03ECCC2A35D /* HookServerTests.swift */; };
		6EFBECCEAC8849C37CECE624 /* SessionListView.swift in Sources */ = {isa = PBXBuildFile; fileRef = 8B82B2A9A4741942046940A2 /* SessionListView.swift */; };
		72612691B9111938894A04B2 /* FileAccessStepView.swift in Sources */ = {isa = PBXBuildFile; fileRef = 7AEBD8AA377E7CA242B35EF4 /* FileAccessStepView.swift */; };
		7453BF0045FBDF624B4BCCDA /* SpriteFrameProvider.swift in Sources */ = {isa = PBXBuildFile; fileRef = 928A7C270450D13DCF544EA4 /* SpriteFrameProvider.swift */; };
		7506FF518524C39EE975EEC4 /* TranscriptFileWatcher.swift in Sources */ = {isa = PBXBuildFile; fileRef = 75CA32AC6347B4F1A2C3CC2A /* TranscriptFileWatcher.swift */; };
		76552B40F109458D5426C3B3 /* MenuBarScene.swift in Sources */ = {isa = PBXBuildFile; fileRef = 0C38D399034A5436D27985D3 /* MenuBarScene.swift */; };
		77EEB5E6495CC2E4CA6EF142 /* NotchPanelHost.swift in Sources */ = {isa = PBXBuildFile; fileRef = C66096C9181C1137C4A01946 /* NotchPanelHost.swift */; };
		78459487C197A245E9345685 /* FamiliarRegistry.swift in Sources */ = {isa = PBXBuildFile; fileRef = 7256BFB999A5794C94F713E1 /* FamiliarRegistry.swift */; };
		7B38124F09E8FD04349F5771 /* UpdaterSettingsView.swift in Sources */ = {isa = PBXBuildFile; fileRef = 0EAC8AFF973826B276D5E31A /* UpdaterSettingsView.swift */; };
		7BF1C83FB18DA491FDC82214 /* SessionSnapshot.swift in Sources */ = {isa = PBXBuildFile; fileRef = C057882D49435D74D62F3294 /* SessionSnapshot.swift */; };
		7CA448A54A18E9C786BC5E03 /* LaunchAtLoginSettingsView.swift in Sources */ = {isa = PBXBuildFile; fileRef = 908F51D3D20378733FD2BCA2 /* LaunchAtLoginSettingsView.swift */; };
		7EB4845294F49891FB2F408C /* MenuBarIconView.swift in Sources */ = {isa = PBXBuildFile; fileRef = 567F0F3A7544A3F3758CD0A6 /* MenuBarIconView.swift */; };
		804B4DFB02F0E4B4A47D59FD /* OnboardingCoordinator.swift in Sources */ = {isa = PBXBuildFile; fileRef = DE8698D7DBD91915363CC567 /* OnboardingCoordinator.swift */; };
		8191F1E719512FD21F3B4654 /* ThemePresets.swift in Sources */ = {isa = PBXBuildFile; fileRef = 2C67C495FDEC64FD896B11EA /* ThemePresets.swift */; };
		8318BB09E28BD6FAA4B3E6F3 /* SessionsPanelController.swift in Sources */ = {isa = PBXBuildFile; fileRef = 89984B8BF8F72DE3134BD96E /* SessionsPanelController.swift */; };
		83C2307B76F65E8ED370AA81 /* ThemeAccentPalette.swift in Sources */ = {isa = PBXBuildFile; fileRef = 8DAF3CF6D8BE5AA6436B69E7 /* ThemeAccentPalette.swift */; };
		85B3CD927A0C0F5B4F7E0C72 /* HookConnection.swift in Sources */ = {isa = PBXBuildFile; fileRef = AC5EEB2DB0FBBFE48F8433BC /* HookConnection.swift */; };
		8922674AF9E32957123C702E /* TerminalJumpService.swift in Sources */ = {isa = PBXBuildFile; fileRef = 556C4884437BEA19BD31C1D3 /* TerminalJumpService.swift */; };
		8E8BC36DBEC7037B36BED6BD /* OnboardingViewRenderTests.swift in Sources */ = {isa = PBXBuildFile; fileRef = 313B187D5CAA0B0DBA48F7A5 /* OnboardingViewRenderTests.swift */; };
		8E954F2F11B83BA4B1F560D8 /* HookEvent.swift in Sources */ = {isa = PBXBuildFile; fileRef = 6A29631F40D05DCCC8649CB1 /* HookEvent.swift */; };
		9470D332D9DCDE843CE69C67 /* JSONLParser.swift in Sources */ = {isa = PBXBuildFile; fileRef = 6C96031118CFCB367E834D33 /* JSONLParser.swift */; };
		953542429666FC8AC94A3CE0 /* SpritePaletteValidationTests.swift in Sources */ = {isa = PBXBuildFile; fileRef = 3AFA2EA0167A58776DD99D2C /* SpritePaletteValidationTests.swift */; };
		9647AC9938DE3413452845F2 /* LaunchAtLoginController.swift in Sources */ = {isa = PBXBuildFile; fileRef = BE4D2FCC725C271B1D9CEBA7 /* LaunchAtLoginController.swift */; };
		98BE174186DDA3205C8B6938 /* AppBootstrap.swift in Sources */ = {isa = PBXBuildFile; fileRef = 405D7563D49EA9BE18927CE3 /* AppBootstrap.swift */; };
		9A2B56FEB5F806E0A44189C1 /* ContextWindowStatus.swift in Sources */ = {isa = PBXBuildFile; fileRef = FCD03334266C52F0C9384ADD /* ContextWindowStatus.swift */; };
		9E50CFCCAA824B5D88A5A001 /* PermissionDiffView.swift in Sources */ = {isa = PBXBuildFile; fileRef = F8DE7BEBF154784D44C59866 /* PermissionDiffView.swift */; };
		9EF9EC120FB523514C5D9DEF /* NotchMascotOverlayController.swift in Sources */ = {isa = PBXBuildFile; fileRef = A59EA855777C47DFED439AAC /* NotchMascotOverlayController.swift */; };
		A05090E84B7CD15E07DBDE0B /* GRDB in Frameworks */ = {isa = PBXBuildFile; productRef = BD2BB7868F4DA036EA3F81A2 /* GRDB */; };
		A2BA9606C7D669196A2AFBE6 /* KeyboardShortcuts in Frameworks */ = {isa = PBXBuildFile; productRef = 75A2903CC147D499A9FE1D87 /* KeyboardShortcuts */; };
		A6355F949C92090441F8CDC7 /* SessionDiscoveryTests.swift in Sources */ = {isa = PBXBuildFile; fileRef = E96047FC888D59AF534065A0 /* SessionDiscoveryTests.swift */; };
		A6603061DF14979B078D4B9D /* SessionCountdown.swift in Sources */ = {isa = PBXBuildFile; fileRef = 394BC9B940674737D7CAD62B /* SessionCountdown.swift */; };
		A6F0725FED9B279B3D4C190F /* PerchStrings.swift in Sources */ = {isa = PBXBuildFile; fileRef = E19CF4BFF8BEA2866C18C4E7 /* PerchStrings.swift */; };
		A7D4B7E4419E61C07A306E5C /* HookInstaller.swift in Sources */ = {isa = PBXBuildFile; fileRef = 8707A4A5A418B984CE4B5A2C /* HookInstaller.swift */; };
		A86AB6E70D425FE6DC4BB1C4 /* SessionHotkeyController.swift in Sources */ = {isa = PBXBuildFile; fileRef = 3F91834F34D45848870EBB20 /* SessionHotkeyController.swift */; };
		A8DE1161083BE09C7908A883 /* CLAUDE.md in Resources */ = {isa = PBXBuildFile; fileRef = FF4EEDE70FFEDC908905ED93 /* CLAUDE.md */; };
		AAD1216EECF12663B2B9BFB5 /* HookInstallerTests.swift in Sources */ = {isa = PBXBuildFile; fileRef = 227AFDD051F29695858A15DE /* HookInstallerTests.swift */; };
		AC318FD1B19119F4F344789F /* JSONLIndexer.swift in Sources */ = {isa = PBXBuildFile; fileRef = 21B3DDE4E44CC2BED0C9110D /* JSONLIndexer.swift */; };
		B2672D1747C5A5946198F6B4 /* MenuBarMenuView.swift in Sources */ = {isa = PBXBuildFile; fileRef = 793BA068D3ADF3F98A506334 /* MenuBarMenuView.swift */; };
		B32BAB02B9FA654DC2EFDD34 /* NotchPanelIntegrationTests.swift in Sources */ = {isa = PBXBuildFile; fileRef = A4DC2E3EDA084F5D515EB25F /* NotchPanelIntegrationTests.swift */; };
		B66D35C02AC9E4925C16CC5B /* ThemePickerView.swift in Sources */ = {isa = PBXBuildFile; fileRef = 926037C818336838DA7EAFF7 /* ThemePickerView.swift */; };
		B9266ED2EB212E03C389C1BA /* MascotID.swift in Sources */ = {isa = PBXBuildFile; fileRef = 18BB93C309A83FF7E0F3AEC4 /* MascotID.swift */; };
		B9E9AF94458C16FB08FCF7E2 /* LiveTurn.swift in Sources */ = {isa = PBXBuildFile; fileRef = B56C8C00F7AEDBB2B74BABBA /* LiveTurn.swift */; };
		BB2F5FD319F4B363B84A8205 /* NotchPanelController.swift in Sources */ = {isa = PBXBuildFile; fileRef = 134C09C15F05EFA839E5DADF /* NotchPanelController.swift */; };
		BC50D12D3489E36FE094A1F1 /* PanelChrome.swift in Sources */ = {isa = PBXBuildFile; fileRef = D6FFE009E4C4D446BA03EBA3 /* PanelChrome.swift */; };
		BC7012C74EBBA9195A9B0495 /* FamiliarState.swift in Sources */ = {isa = PBXBuildFile; fileRef = B026174C50ACCF6386781D7B /* FamiliarState.swift */; };
		C1E6CD7634F36BAF6E4E6F46 /* NotchRootView.swift in Sources */ = {isa = PBXBuildFile; fileRef = 6EA2FFC887FFB50E678811BC /* NotchRootView.swift */; };
		C29EDF6A1453B957646116AB /* SessionMetrics.swift in Sources */ = {isa = PBXBuildFile; fileRef = 8680DC3E9E9A26405391332F /* SessionMetrics.swift */; };
		C4B45B74C6C56CA21D6BBBDF /* TranscriptTailer.swift in Sources */ = {isa = PBXBuildFile; fileRef = C41A2CB70B0A32C89EAE574A /* TranscriptTailer.swift */; };
		C83B402B4FF9AA1F208FD8A1 /* SessionStore.swift in Sources */ = {isa = PBXBuildFile; fileRef = DF8EBA5368993586644ABB51 /* SessionStore.swift */; };
		C8A92526116FD2782ACAC2FC /* StringToneContext.swift in Sources */ = {isa = PBXBuildFile; fileRef = B2C20A5DEF252760BC9745C0 /* StringToneContext.swift */; };
		CB502FEAC53053AB7E70F5CF /* CopyTone.swift in Sources */ = {isa = PBXBuildFile; fileRef = F98F456022EA3FFACF48502E /* CopyTone.swift */; };
		CEE9F92EA62A66851C9FB0AF /* working.png in Resources */ = {isa = PBXBuildFile; fileRef = 9AB843A8754BD97F3DA41C90 /* working.png */; };
		D04FB09221494353547CCBCA /* SnapshotTesting in Frameworks */ = {isa = PBXBuildFile; productRef = A4746DD116F655857E8335C5 /* SnapshotTesting */; };
		D3A11343BDC3303906A9D677 /* NotificationSound.swift in Sources */ = {isa = PBXBuildFile; fileRef = 3306884019E24E78E8935DB3 /* NotificationSound.swift */; };
		D4693186406075790C9E9366 /* SessionsPanelHost.swift in Sources */ = {isa = PBXBuildFile; fileRef = 6E5C9EE43BD3884B11AC0554 /* SessionsPanelHost.swift */; };
		D5CAB17152CE08AFE2907121 /* CompleteStepView.swift in Sources */ = {isa = PBXBuildFile; fileRef = 424392D996C79E043FA047C7 /* CompleteStepView.swift */; };
		DF7EB9E0BA4B2E895C7951AD /* PermissionPromptView.swift in Sources */ = {isa = PBXBuildFile; fileRef = 21BE802022ABD3D607D1327C /* PermissionPromptView.swift */; };
		E0DED112AB19AF92BD3AB221 /* JSONLError.swift in Sources */ = {isa = PBXBuildFile; fileRef = 525C59D71D06F36AFE1B4DEC /* JSONLError.swift */; };
		E187F2FB58925BEA1A75F36E /* JSONLTailer.swift in Sources */ = {isa = PBXBuildFile; fileRef = A3751491E8AF76AC0CEC1E33 /* JSONLTailer.swift */; };
		E285BF6F4B8E354D0FCB5ADC /* PermissionRequest.swift in Sources */ = {isa = PBXBuildFile; fileRef = 6777093515DC059F8AAEDFA4 /* PermissionRequest.swift */; };
		E64449967A20F40C00C8E300 /* SenecaFamiliar.swift in Sources */ = {isa = PBXBuildFile; fileRef = 05DABE39B3A3301F67BF116A /* SenecaFamiliar.swift */; };
		E7841446503C0325D5FA228D /* Familiar.swift in Sources */ = {isa = PBXBuildFile; fileRef = 864E3F2CDFA5D45DBE15A5DC /* Familiar.swift */; };
		E947AEC96F48C3B84E13A165 /* SpriteAccentRenderer.swift in Sources */ = {isa = PBXBuildFile; fileRef = 0AF5D8F571AF943657D3D6E4 /* SpriteAccentRenderer.swift */; };
		EAC0617D0719C357433373E9 /* README.md in Resources */ = {isa = PBXBuildFile; fileRef = 6D9A971D6BC3BA8CB4585277 /* README.md */; };
		F61EB452F1AE0EF4AC6F73A4 /* PerchApp.swift in Sources */ = {isa = PBXBuildFile; fileRef = 1F2CA40F99DACDD1B58EC41F /* PerchApp.swift */; };
		F7FA02D3B7E0A07D8AB8046A /* SessionState.swift in Sources */ = {isa = PBXBuildFile; fileRef = 332E92296878501CCAD4B350 /* SessionState.swift */; };
		F97F725BD3A848AD951E9817 /* PerchStringsLintTests.swift in Sources */ = {isa = PBXBuildFile; fileRef = 6DD19BB770BB07C92D573F05 /* PerchStringsLintTests.swift */; };
		F98592557D4334A4AB4F4300 /* MenuBarSceneTests.swift in Sources */ = {isa = PBXBuildFile; fileRef = DD956BCE7306C3B7BFE6C977 /* MenuBarSceneTests.swift */; };
		FA567A0F6F604706117D1B0D /* SessionListTests.swift in Sources */ = {isa = PBXBuildFile; fileRef = 6ACB9B558913C3BF56A65F52 /* SessionListTests.swift */; };
		FD713BA1A67518E3A2185AC1 /* PermissionActions.swift in Sources */ = {isa = PBXBuildFile; fileRef = 03C0C2F8EFF63989F2942688 /* PermissionActions.swift */; };
/* End PBXBuildFile section */

/* Begin PBXContainerItemProxy section */
		6503BCECC233B7BEF46AD1BC /* PBXContainerItemProxy */ = {
			isa = PBXContainerItemProxy;
			containerPortal = 78904F42286EE3E52ED2700B /* Project object */;
			proxyType = 1;
			remoteGlobalIDString = 45DC64F4606392864F14C513;
			remoteInfo = Perch;
		};
		B76DE420357A0170F6711DE9 /* PBXContainerItemProxy */ = {
			isa = PBXContainerItemProxy;
			containerPortal = 78904F42286EE3E52ED2700B /* Project object */;
			proxyType = 1;
			remoteGlobalIDString = 45DC64F4606392864F14C513;
			remoteInfo = Perch;
		};
/* End PBXContainerItemProxy section */

/* Begin PBXFileReference section */
		01423904D39F593E4C8DA668 /* HookServerError.swift */ = {isa = PBXFileReference; lastKnownFileType = sourcecode.swift; path = HookServerError.swift; sourceTree = "<group>"; };
		0383B8317885F621C68BD55F /* LaunchAtLoginStepView.swift */ = {isa = PBXFileReference; lastKnownFileType = sourcecode.swift; path = LaunchAtLoginStepView.swift; sourceTree = "<group>"; };
		03C0C2F8EFF63989F2942688 /* PermissionActions.swift */ = {isa = PBXFileReference; lastKnownFileType = sourcecode.swift; path = PermissionActions.swift; sourceTree = "<group>"; };
		05202A94B769365E3F5AC6E4 /* Perch.entitlements */ = {isa = PBXFileReference; lastKnownFileType = text.plist.entitlements; path = Perch.entitlements; sourceTree = "<group>"; };
		05DABE39B3A3301F67BF116A /* SenecaFamiliar.swift */ = {isa = PBXFileReference; lastKnownFileType = sourcecode.swift; path = SenecaFamiliar.swift; sourceTree = "<group>"; };
		08EF3A5F779A564C55951D0B /* DatabaseRebuildTests.swift */ = {isa = PBXFileReference; lastKnownFileType = sourcecode.swift; path = DatabaseRebuildTests.swift; sourceTree = "<group>"; };
		0AF5D8F571AF943657D3D6E4 /* SpriteAccentRenderer.swift */ = {isa = PBXFileReference; lastKnownFileType = sourcecode.swift; path = SpriteAccentRenderer.swift; sourceTree = "<group>"; };
		0C38D399034A5436D27985D3 /* MenuBarScene.swift */ = {isa = PBXFileReference; lastKnownFileType = sourcecode.swift; path = MenuBarScene.swift; sourceTree = "<group>"; };
		0EAC8AFF973826B276D5E31A /* UpdaterSettingsView.swift */ = {isa = PBXFileReference; lastKnownFileType = sourcecode.swift; path = UpdaterSettingsView.swift; sourceTree = "<group>"; };
		134C09C15F05EFA839E5DADF /* NotchPanelController.swift */ = {isa = PBXFileReference; lastKnownFileType = sourcecode.swift; path = NotchPanelController.swift; sourceTree = "<group>"; };
		13E314A26CDFCA78E1576F42 /* LiveClaudeProcessSnapshotter.swift */ = {isa = PBXFileReference; lastKnownFileType = sourcecode.swift; path = LiveClaudeProcessSnapshotter.swift; sourceTree = "<group>"; };
		18BB93C309A83FF7E0F3AEC4 /* MascotID.swift */ = {isa = PBXFileReference; lastKnownFileType = sourcecode.swift; path = MascotID.swift; sourceTree = "<group>"; };
		1F2CA40F99DACDD1B58EC41F /* PerchApp.swift */ = {isa = PBXFileReference; lastKnownFileType = sourcecode.swift; path = PerchApp.swift; sourceTree = "<group>"; };
		21B3DDE4E44CC2BED0C9110D /* JSONLIndexer.swift */ = {isa = PBXFileReference; lastKnownFileType = sourcecode.swift; path = JSONLIndexer.swift; sourceTree = "<group>"; };
		21BE802022ABD3D607D1327C /* PermissionPromptView.swift */ = {isa = PBXFileReference; lastKnownFileType = sourcecode.swift; path = PermissionPromptView.swift; sourceTree = "<group>"; };
		227AFDD051F29695858A15DE /* HookInstallerTests.swift */ = {isa = PBXFileReference; lastKnownFileType = sourcecode.swift; path = HookInstallerTests.swift; sourceTree = "<group>"; };
		25600E42493347547D3C069A /* TerminalJumpServiceTests.swift */ = {isa = PBXFileReference; lastKnownFileType = sourcecode.swift; path = TerminalJumpServiceTests.swift; sourceTree = "<group>"; };
		285ABB0A70DEEF1EB273BB34 /* PerchBundle.swift */ = {isa = PBXFileReference; lastKnownFileType = sourcecode.swift; path = PerchBundle.swift; sourceTree = "<group>"; };
		2BEB810FD07E1D77199A9B56 /* OnboardingRootView.swift */ = {isa = PBXFileReference; lastKnownFileType = sourcecode.swift; path = OnboardingRootView.swift; sourceTree = "<group>"; };
		2C67C495FDEC64FD896B11EA /* ThemePresets.swift */ = {isa = PBXFileReference; lastKnownFileType = sourcecode.swift; path = ThemePresets.swift; sourceTree = "<group>"; };
		2F2B3ADFFC40F5E2E1CA5AA7 /* alert.png */ = {isa = PBXFileReference; lastKnownFileType = image.png; path = alert.png; sourceTree = "<group>"; };
		30388DD74DFE901E6F4B219B /* idle.png */ = {isa = PBXFileReference; lastKnownFileType = image.png; path = idle.png; sourceTree = "<group>"; };
		30E1FC844FC6CABD0324F8A6 /* ProcessLocator.swift */ = {isa = PBXFileReference; lastKnownFileType = sourcecode.swift; path = ProcessLocator.swift; sourceTree = "<group>"; };
		313B187D5CAA0B0DBA48F7A5 /* OnboardingViewRenderTests.swift */ = {isa = PBXFileReference; lastKnownFileType = sourcecode.swift; path = OnboardingViewRenderTests.swift; sourceTree = "<group>"; };
		3306884019E24E78E8935DB3 /* NotificationSound.swift */ = {isa = PBXFileReference; lastKnownFileType = sourcecode.swift; path = NotificationSound.swift; sourceTree = "<group>"; };
		332E92296878501CCAD4B350 /* SessionState.swift */ = {isa = PBXFileReference; lastKnownFileType = sourcecode.swift; path = SessionState.swift; sourceTree = "<group>"; };
		33FAEFBCD720DB90D3034F57 /* SessionStoreDiscoveryIntegrationTests.swift */ = {isa = PBXFileReference; lastKnownFileType = sourcecode.swift; path = SessionStoreDiscoveryIntegrationTests.swift; sourceTree = "<group>"; };
		394BC9B940674737D7CAD62B /* SessionCountdown.swift */ = {isa = PBXFileReference; lastKnownFileType = sourcecode.swift; path = SessionCountdown.swift; sourceTree = "<group>"; };
		3AFA2EA0167A58776DD99D2C /* SpritePaletteValidationTests.swift */ = {isa = PBXFileReference; lastKnownFileType = sourcecode.swift; path = SpritePaletteValidationTests.swift; sourceTree = "<group>"; };
		3C6FEC33D7C97FE367BFF051 /* finished.png */ = {isa = PBXFileReference; lastKnownFileType = image.png; path = finished.png; sourceTree = "<group>"; };
		3F91834F34D45848870EBB20 /* SessionHotkeyController.swift */ = {isa = PBXFileReference; lastKnownFileType = sourcecode.swift; path = SessionHotkeyController.swift; sourceTree = "<group>"; };
		405D7563D49EA9BE18927CE3 /* AppBootstrap.swift */ = {isa = PBXFileReference; lastKnownFileType = sourcecode.swift; path = AppBootstrap.swift; sourceTree = "<group>"; };
		424392D996C79E043FA047C7 /* CompleteStepView.swift */ = {isa = PBXFileReference; lastKnownFileType = sourcecode.swift; path = CompleteStepView.swift; sourceTree = "<group>"; };
		42AAF1F25A9CE998FDC8BF91 /* UpdaterController.swift */ = {isa = PBXFileReference; lastKnownFileType = sourcecode.swift; path = UpdaterController.swift; sourceTree = "<group>"; };
		463168C7A038F8AF3EB5F4E4 /* SessionRowView.swift */ = {isa = PBXFileReference; lastKnownFileType = sourcecode.swift; path = SessionRowView.swift; sourceTree = "<group>"; };
		464DFB795ABC75FBA6BEE227 /* JSONLParserTests.swift */ = {isa = PBXFileReference; lastKnownFileType = sourcecode.swift; path = JSONLParserTests.swift; sourceTree = "<group>"; };
		4CBA836A3094E9A122DFCD62 /* AppDelegate.swift */ = {isa = PBXFileReference; lastKnownFileType = sourcecode.swift; path = AppDelegate.swift; sourceTree = "<group>"; };
		50B83FFA8DCF6E2919AB2D5E /* EmptyStateView.swift */ = {isa = PBXFileReference; lastKnownFileType = sourcecode.swift; path = EmptyStateView.swift; sourceTree = "<group>"; };
		525C59D71D06F36AFE1B4DEC /* JSONLError.swift */ = {isa = PBXFileReference; lastKnownFileType = sourcecode.swift; path = JSONLError.swift; sourceTree = "<group>"; };
		528A9450640A415BFB84794C /* HookServerConfiguration.swift */ = {isa = PBXFileReference; lastKnownFileType = sourcecode.swift; path = HookServerConfiguration.swift; sourceTree = "<group>"; };
		545B94E9B9B851206206D7A9 /* HookInstallationStatus.swift */ = {isa = PBXFileReference; lastKnownFileType = sourcecode.swift; path = HookInstallationStatus.swift; sourceTree = "<group>"; };
		556C4884437BEA19BD31C1D3 /* TerminalJumpService.swift */ = {isa = PBXFileReference; lastKnownFileType = sourcecode.swift; path = TerminalJumpService.swift; sourceTree = "<group>"; };
		567F0F3A7544A3F3758CD0A6 /* MenuBarIconView.swift */ = {isa = PBXFileReference; lastKnownFileType = sourcecode.swift; path = MenuBarIconView.swift; sourceTree = "<group>"; };
		5A0832624780000D77B05609 /* HookRequestParser.swift */ = {isa = PBXFileReference; lastKnownFileType = sourcecode.swift; path = HookRequestParser.swift; sourceTree = "<group>"; };
		66B078A09B8E15B206BB1F24 /* StatusBadge.swift */ = {isa = PBXFileReference; lastKnownFileType = sourcecode.swift; path = StatusBadge.swift; sourceTree = "<group>"; };
		6777093515DC059F8AAEDFA4 /* PermissionRequest.swift */ = {isa = PBXFileReference; lastKnownFileType = sourcecode.swift; path = PermissionRequest.swift; sourceTree = "<group>"; };
		6A29631F40D05DCCC8649CB1 /* HookEvent.swift */ = {isa = PBXFileReference; lastKnownFileType = sourcecode.swift; path = HookEvent.swift; sourceTree = "<group>"; };
		6ACB9B558913C3BF56A65F52 /* SessionListTests.swift */ = {isa = PBXFileReference; lastKnownFileType = sourcecode.swift; path = SessionListTests.swift; sourceTree = "<group>"; };
		6B3C41EFDE4C2473AA20F86A /* TerminalBundle.swift */ = {isa = PBXFileReference; lastKnownFileType = sourcecode.swift; path = TerminalBundle.swift; sourceTree = "<group>"; };
		6C96031118CFCB367E834D33 /* JSONLParser.swift */ = {isa = PBXFileReference; lastKnownFileType = sourcecode.swift; path = JSONLParser.swift; sourceTree = "<group>"; };
		6D9A971D6BC3BA8CB4585277 /* README.md */ = {isa = PBXFileReference; lastKnownFileType = net.daringfireball.markdown; path = README.md; sourceTree = "<group>"; };
		6DD19BB770BB07C92D573F05 /* PerchStringsLintTests.swift */ = {isa = PBXFileReference; lastKnownFileType = sourcecode.swift; path = PerchStringsLintTests.swift; sourceTree = "<group>"; };
		6E5C9EE43BD3884B11AC0554 /* SessionsPanelHost.swift */ = {isa = PBXFileReference; lastKnownFileType = sourcecode.swift; path = SessionsPanelHost.swift; sourceTree = "<group>"; };
		6E6B4F6BF233E14E4F3E9ED1 /* PerchCoreTests.xctest */ = {isa = PBXFileReference; explicitFileType = wrapper.cfbundle; includeInIndex = 0; path = PerchCoreTests.xctest; sourceTree = BUILT_PRODUCTS_DIR; };
		6EA2FFC887FFB50E678811BC /* NotchRootView.swift */ = {isa = PBXFileReference; lastKnownFileType = sourcecode.swift; path = NotchRootView.swift; sourceTree = "<group>"; };
		719EB739AEEEC9D06251585F /* SessionStoreTests.swift */ = {isa = PBXFileReference; lastKnownFileType = sourcecode.swift; path = SessionStoreTests.swift; sourceTree = "<group>"; };
		7256BFB999A5794C94F713E1 /* FamiliarRegistry.swift */ = {isa = PBXFileReference; lastKnownFileType = sourcecode.swift; path = FamiliarRegistry.swift; sourceTree = "<group>"; };
		74BB2FBC28809244D09B67EA /* SettingsView.swift */ = {isa = PBXFileReference; lastKnownFileType = sourcecode.swift; path = SettingsView.swift; sourceTree = "<group>"; };
		75CA32AC6347B4F1A2C3CC2A /* TranscriptFileWatcher.swift */ = {isa = PBXFileReference; lastKnownFileType = sourcecode.swift; path = TranscriptFileWatcher.swift; sourceTree = "<group>"; };
		77EEA55D173B2A10C5CE1B8F /* HookServer.swift */ = {isa = PBXFileReference; lastKnownFileType = sourcecode.swift; path = HookServer.swift; sourceTree = "<group>"; };
		793BA068D3ADF3F98A506334 /* MenuBarMenuView.swift */ = {isa = PBXFileReference; lastKnownFileType = sourcecode.swift; path = MenuBarMenuView.swift; sourceTree = "<group>"; };
		7AEBD8AA377E7CA242B35EF4 /* FileAccessStepView.swift */ = {isa = PBXFileReference; lastKnownFileType = sourcecode.swift; path = FileAccessStepView.swift; sourceTree = "<group>"; };
		7FE06AC8473C9EA71D6E008C /* InstallerError.swift */ = {isa = PBXFileReference; lastKnownFileType = sourcecode.swift; path = InstallerError.swift; sourceTree = "<group>"; };
		82B757B195D717671A263CD6 /* DatabaseManager.swift */ = {isa = PBXFileReference; lastKnownFileType = sourcecode.swift; path = DatabaseManager.swift; sourceTree = "<group>"; };
		864E3F2CDFA5D45DBE15A5DC /* Familiar.swift */ = {isa = PBXFileReference; lastKnownFileType = sourcecode.swift; path = Familiar.swift; sourceTree = "<group>"; };
		8680DC3E9E9A26405391332F /* SessionMetrics.swift */ = {isa = PBXFileReference; lastKnownFileType = sourcecode.swift; path = SessionMetrics.swift; sourceTree = "<group>"; };
		8707A4A5A418B984CE4B5A2C /* HookInstaller.swift */ = {isa = PBXFileReference; lastKnownFileType = sourcecode.swift; path = HookInstaller.swift; sourceTree = "<group>"; };
		89984B8BF8F72DE3134BD96E /* SessionsPanelController.swift */ = {isa = PBXFileReference; lastKnownFileType = sourcecode.swift; path = SessionsPanelController.swift; sourceTree = "<group>"; };
		8A9E40CC9B07F8B672649E21 /* OnboardingWindowController.swift */ = {isa = PBXFileReference; lastKnownFileType = sourcecode.swift; path = OnboardingWindowController.swift; sourceTree = "<group>"; };
		8B82B2A9A4741942046940A2 /* SessionListView.swift */ = {isa = PBXFileReference; lastKnownFileType = sourcecode.swift; path = SessionListView.swift; sourceTree = "<group>"; };
		8DAF3CF6D8BE5AA6436B69E7 /* ThemeAccentPalette.swift */ = {isa = PBXFileReference; lastKnownFileType = sourcecode.swift; path = ThemeAccentPalette.swift; sourceTree = "<group>"; };
		8DBB7E4D356FE5E5893F6358 /* watching.png */ = {isa = PBXFileReference; lastKnownFileType = image.png; path = watching.png; sourceTree = "<group>"; };
		8EC20C21D9CE9A2DE2D70A1D /* AppEnvironment.swift */ = {isa = PBXFileReference; lastKnownFileType = sourcecode.swift; path = AppEnvironment.swift; sourceTree = "<group>"; };
		8EE3A2CAD31AD6A045C5E4B8 /* TranscriptLineParserTests.swift */ = {isa = PBXFileReference; lastKnownFileType = sourcecode.swift; path = TranscriptLineParserTests.swift; sourceTree = "<group>"; };
		908F51D3D20378733FD2BCA2 /* LaunchAtLoginSettingsView.swift */ = {isa = PBXFileReference; lastKnownFileType = sourcecode.swift; path = LaunchAtLoginSettingsView.swift; sourceTree = "<group>"; };
		926037C818336838DA7EAFF7 /* ThemePickerView.swift */ = {isa = PBXFileReference; lastKnownFileType = sourcecode.swift; path = ThemePickerView.swift; sourceTree = "<group>"; };
		928A7C270450D13DCF544EA4 /* SpriteFrameProvider.swift */ = {isa = PBXFileReference; lastKnownFileType = sourcecode.swift; path = SpriteFrameProvider.swift; sourceTree = "<group>"; };
		93F62E049CBF5F9AFE7C79B7 /* SpriteDescriptor.swift */ = {isa = PBXFileReference; lastKnownFileType = sourcecode.swift; path = SpriteDescriptor.swift; sourceTree = "<group>"; };
		96E2FFAFF16C3A18766B546F /* WelcomeStepView.swift */ = {isa = PBXFileReference; lastKnownFileType = sourcecode.swift; path = WelcomeStepView.swift; sourceTree = "<group>"; };
		9799D641C54F556C58A49FAA /* JSONLIndexerTests.swift */ = {isa = PBXFileReference; lastKnownFileType = sourcecode.swift; path = JSONLIndexerTests.swift; sourceTree = "<group>"; };
		9AB843A8754BD97F3DA41C90 /* working.png */ = {isa = PBXFileReference; lastKnownFileType = image.png; path = working.png; sourceTree = "<group>"; };
		9D170167D1C7FAA411BD6CC6 /* DiscoveredSession.swift */ = {isa = PBXFileReference; lastKnownFileType = sourcecode.swift; path = DiscoveredSession.swift; sourceTree = "<group>"; };
		A3751491E8AF76AC0CEC1E33 /* JSONLTailer.swift */ = {isa = PBXFileReference; lastKnownFileType = sourcecode.swift; path = JSONLTailer.swift; sourceTree = "<group>"; };
		A49B8683D1DAD82A9EE116A0 /* PerchCleanupMigrator.swift */ = {isa = PBXFileReference; lastKnownFileType = sourcecode.swift; path = PerchCleanupMigrator.swift; sourceTree = "<group>"; };
		A4D96E8A29C1C6D2F9836E13 /* HookRouterTests.swift */ = {isa = PBXFileReference; lastKnownFileType = sourcecode.swift; path = HookRouterTests.swift; sourceTree = "<group>"; };
		A4DC2E3EDA084F5D515EB25F /* NotchPanelIntegrationTests.swift */ = {isa = PBXFileReference; lastKnownFileType = sourcecode.swift; path = NotchPanelIntegrationTests.swift; sourceTree = "<group>"; };
		A59EA855777C47DFED439AAC /* NotchMascotOverlayController.swift */ = {isa = PBXFileReference; lastKnownFileType = sourcecode.swift; path = NotchMascotOverlayController.swift; sourceTree = "<group>"; };
		AA530307A30475833ECE543E /* TranscriptLineParser.swift */ = {isa = PBXFileReference; lastKnownFileType = sourcecode.swift; path = TranscriptLineParser.swift; sourceTree = "<group>"; };
		AC5EEB2DB0FBBFE48F8433BC /* HookConnection.swift */ = {isa = PBXFileReference; lastKnownFileType = sourcecode.swift; path = HookConnection.swift; sourceTree = "<group>"; };
		AD000764C4B5FFA8C7EBF255 /* PermissionPromptTests.swift */ = {isa = PBXFileReference; lastKnownFileType = sourcecode.swift; path = PermissionPromptTests.swift; sourceTree = "<group>"; };
		AE5540D6CF756DB86548D57B /* ThemeRendererTests.swift */ = {isa = PBXFileReference; lastKnownFileType = sourcecode.swift; path = ThemeRendererTests.swift; sourceTree = "<group>"; };
		B026174C50ACCF6386781D7B /* FamiliarState.swift */ = {isa = PBXFileReference; lastKnownFileType = sourcecode.swift; path = FamiliarState.swift; sourceTree = "<group>"; };
		B0800E3B42548CFA3442B36A /* PerchTheme.swift */ = {isa = PBXFileReference; lastKnownFileType = sourcecode.swift; path = PerchTheme.swift; sourceTree = "<group>"; };
		B2C20A5DEF252760BC9745C0 /* StringToneContext.swift */ = {isa = PBXFileReference; lastKnownFileType = sourcecode.swift; path = StringToneContext.swift; sourceTree = "<group>"; };
		B5504BBA2F073DC7C6A4E6E8 /* HookRouter.swift */ = {isa = PBXFileReference; lastKnownFileType = sourcecode.swift; path = HookRouter.swift; sourceTree = "<group>"; };
		B56C8C00F7AEDBB2B74BABBA /* LiveTurn.swift */ = {isa = PBXFileReference; lastKnownFileType = sourcecode.swift; path = LiveTurn.swift; sourceTree = "<group>"; };
		BB8E8D7900146CE925C40A43 /* SenecaTone.swift */ = {isa = PBXFileReference; lastKnownFileType = sourcecode.swift; path = SenecaTone.swift; sourceTree = "<group>"; };
		BE4D2FCC725C271B1D9CEBA7 /* LaunchAtLoginController.swift */ = {isa = PBXFileReference; lastKnownFileType = sourcecode.swift; path = LaunchAtLoginController.swift; sourceTree = "<group>"; };
		BE953E0FD48223CB81DB5A5E /* FamiliarSpriteView.swift */ = {isa = PBXFileReference; lastKnownFileType = sourcecode.swift; path = FamiliarSpriteView.swift; sourceTree = "<group>"; };
		C057882D49435D74D62F3294 /* SessionSnapshot.swift */ = {isa = PBXFileReference; lastKnownFileType = sourcecode.swift; path = SessionSnapshot.swift; sourceTree = "<group>"; };
		C0D5083ED2EA9CA77CD69447 /* Assets.xcassets */ = {isa = PBXFileReference; lastKnownFileType = folder.assetcatalog; path = Assets.xcassets; sourceTree = "<group>"; };
		C0E0D6D6E14069B7B357900C /* TranscriptEvent.swift */ = {isa = PBXFileReference; lastKnownFileType = sourcecode.swift; path = TranscriptEvent.swift; sourceTree = "<group>"; };
		C3AB20DBB1B5B73261D4E74F /* SessionDiscovery.swift */ = {isa = PBXFileReference; lastKnownFileType = sourcecode.swift; path = SessionDiscovery.swift; sourceTree = "<group>"; };
		C41A2CB70B0A32C89EAE574A /* TranscriptTailer.swift */ = {isa = PBXFileReference; lastKnownFileType = sourcecode.swift; path = TranscriptTailer.swift; sourceTree = "<group>"; };
		C66096C9181C1137C4A01946 /* NotchPanelHost.swift */ = {isa = PBXFileReference; lastKnownFileType = sourcecode.swift; path = NotchPanelHost.swift; sourceTree = "<group>"; };
		CCB4CEF33E43E03ECCC2A35D /* HookServerTests.swift */ = {isa = PBXFileReference; lastKnownFileType = sourcecode.swift; path = HookServerTests.swift; sourceTree = "<group>"; };
		CF993857FB9822DC671DAE16 /* FamiliarBlindnessTests.swift */ = {isa = PBXFileReference; lastKnownFileType = sourcecode.swift; path = FamiliarBlindnessTests.swift; sourceTree = "<group>"; };
		D401501465952DF332DF8E98 /* LifecycleState.swift */ = {isa = PBXFileReference; lastKnownFileType = sourcecode.swift; path = LifecycleState.swift; sourceTree = "<group>"; };
		D41D4D3B908363F711572982 /* Perch.app */ = {isa = PBXFileReference; explicitFileType = wrapper.application; includeInIndex = 0; path = Perch.app; sourceTree = BUILT_PRODUCTS_DIR; };
		D6FFE009E4C4D446BA03EBA3 /* PanelChrome.swift */ = {isa = PBXFileReference; lastKnownFileType = sourcecode.swift; path = PanelChrome.swift; sourceTree = "<group>"; };
		DD956BCE7306C3B7BFE6C977 /* MenuBarSceneTests.swift */ = {isa = PBXFileReference; lastKnownFileType = sourcecode.swift; path = MenuBarSceneTests.swift; sourceTree = "<group>"; };
		DE8698D7DBD91915363CC567 /* OnboardingCoordinator.swift */ = {isa = PBXFileReference; lastKnownFileType = sourcecode.swift; path = OnboardingCoordinator.swift; sourceTree = "<group>"; };
		DF8EBA5368993586644ABB51 /* SessionStore.swift */ = {isa = PBXFileReference; lastKnownFileType = sourcecode.swift; path = SessionStore.swift; sourceTree = "<group>"; };
		E15FBC49F93DAE77D338AC42 /* DatabaseMigrations.swift */ = {isa = PBXFileReference; lastKnownFileType = sourcecode.swift; path = DatabaseMigrations.swift; sourceTree = "<group>"; };
		E19CF4BFF8BEA2866C18C4E7 /* PerchStrings.swift */ = {isa = PBXFileReference; lastKnownFileType = sourcecode.swift; path = PerchStrings.swift; sourceTree = "<group>"; };
		E31A7A3E685F076271676023 /* HookInstallerView.swift */ = {isa = PBXFileReference; lastKnownFileType = sourcecode.swift; path = HookInstallerView.swift; sourceTree = "<group>"; };
		E4E7BBF1469877C9AD9F7AC9 /* PerchFeaturesTests.xctest */ = {isa = PBXFileReference; explicitFileType = wrapper.cfbundle; includeInIndex = 0; path = PerchFeaturesTests.xctest; sourceTree = BUILT_PRODUCTS_DIR; };
		E867749ECB5C90A82A63D22A /* SessionRecord.swift */ = {isa = PBXFileReference; lastKnownFileType = sourcecode.swift; path = SessionRecord.swift; sourceTree = "<group>"; };
		E96047FC888D59AF534065A0 /* SessionDiscoveryTests.swift */ = {isa = PBXFileReference; lastKnownFileType = sourcecode.swift; path = SessionDiscoveryTests.swift; sourceTree = "<group>"; };
		EBBBAB6F4FFC09509AA453B7 /* PerchRelease.entitlements */ = {isa = PBXFileReference; lastKnownFileType = text.plist.entitlements; path = PerchRelease.entitlements; sourceTree = "<group>"; };
		F5C436E7AE36A0662CDBF699 /* HooksStepView.swift */ = {isa = PBXFileReference; lastKnownFileType = sourcecode.swift; path = HooksStepView.swift; sourceTree = "<group>"; };
		F5E78ECFBCD358AA77538C59 /* OnboardingCoordinatorTests.swift */ = {isa = PBXFileReference; lastKnownFileType = sourcecode.swift; path = OnboardingCoordinatorTests.swift; sourceTree = "<group>"; };
		F8DE7BEBF154784D44C59866 /* PermissionDiffView.swift */ = {isa = PBXFileReference; lastKnownFileType = sourcecode.swift; path = PermissionDiffView.swift; sourceTree = "<group>"; };
		F98F456022EA3FFACF48502E /* CopyTone.swift */ = {isa = PBXFileReference; lastKnownFileType = sourcecode.swift; path = CopyTone.swift; sourceTree = "<group>"; };
		FCD03334266C52F0C9384ADD /* ContextWindowStatus.swift */ = {isa = PBXFileReference; lastKnownFileType = sourcecode.swift; path = ContextWindowStatus.swift; sourceTree = "<group>"; };
		FEE76DF54BD6F5A9849FE2F5 /* ThemeValidation.swift */ = {isa = PBXFileReference; lastKnownFileType = sourcecode.swift; path = ThemeValidation.swift; sourceTree = "<group>"; };
		FF4EEDE70FFEDC908905ED93 /* CLAUDE.md */ = {isa = PBXFileReference; lastKnownFileType = net.daringfireball.markdown; path = CLAUDE.md; sourceTree = "<group>"; };
		FF80AE42E73EE052E333D850 /* SpriteAccentRendererTests.swift */ = {isa = PBXFileReference; lastKnownFileType = sourcecode.swift; path = SpriteAccentRendererTests.swift; sourceTree = "<group>"; };
/* End PBXFileReference section */

/* Begin PBXFrameworksBuildPhase section */
		2562A1248D3C699526DA770D /* Frameworks */ = {
			isa = PBXFrameworksBuildPhase;
			buildActionMask = 2147483647;
			files = (
				D04FB09221494353547CCBCA /* SnapshotTesting in Frameworks */,
			);
			runOnlyForDeploymentPostprocessing = 0;
		};
		599C95ED543616392CB25279 /* Frameworks */ = {
			isa = PBXFrameworksBuildPhase;
			buildActionMask = 2147483647;
			files = (
				A05090E84B7CD15E07DBDE0B /* GRDB in Frameworks */,
				6E990B3DDF1E58C15E67A38B /* Sparkle in Frameworks */,
				A2BA9606C7D669196A2AFBE6 /* KeyboardShortcuts in Frameworks */,
			);
			runOnlyForDeploymentPostprocessing = 0;
		};
/* End PBXFrameworksBuildPhase section */

/* Begin PBXGroup section */
		08744D310C113F4C774856BE /* Database */ = {
			isa = PBXGroup;
			children = (
				82B757B195D717671A263CD6 /* DatabaseManager.swift */,
				E15FBC49F93DAE77D338AC42 /* DatabaseMigrations.swift */,
				E867749ECB5C90A82A63D22A /* SessionRecord.swift */,
			);
			path = Database;
			sourceTree = "<group>";
		};
		0B2E51A58068EA70687A2C2A /* Composition */ = {
			isa = PBXGroup;
			children = (
				405D7563D49EA9BE18927CE3 /* AppBootstrap.swift */,
				8EC20C21D9CE9A2DE2D70A1D /* AppEnvironment.swift */,
			);
			path = Composition;
			sourceTree = "<group>";
		};
		1091B1D962156521A9FFC87D /* Session */ = {
			isa = PBXGroup;
			children = (
				FCD03334266C52F0C9384ADD /* ContextWindowStatus.swift */,
				9D170167D1C7FAA411BD6CC6 /* DiscoveredSession.swift */,
				D401501465952DF332DF8E98 /* LifecycleState.swift */,
				B56C8C00F7AEDBB2B74BABBA /* LiveTurn.swift */,
				3306884019E24E78E8935DB3 /* NotificationSound.swift */,
				6777093515DC059F8AAEDFA4 /* PermissionRequest.swift */,
				394BC9B940674737D7CAD62B /* SessionCountdown.swift */,
				C3AB20DBB1B5B73261D4E74F /* SessionDiscovery.swift */,
				C057882D49435D74D62F3294 /* SessionSnapshot.swift */,
				332E92296878501CCAD4B350 /* SessionState.swift */,
				DF8EBA5368993586644ABB51 /* SessionStore.swift */,
				75CA32AC6347B4F1A2C3CC2A /* TranscriptFileWatcher.swift */,
				AA530307A30475833ECE543E /* TranscriptLineParser.swift */,
				C41A2CB70B0A32C89EAE574A /* TranscriptTailer.swift */,
			);
			path = Session;
			sourceTree = "<group>";
		};
		13C84725CB87C20F53F53FD2 /* MenuBar */ = {
			isa = PBXGroup;
			children = (
				567F0F3A7544A3F3758CD0A6 /* MenuBarIconView.swift */,
				793BA068D3ADF3F98A506334 /* MenuBarMenuView.swift */,
				0C38D399034A5436D27985D3 /* MenuBarScene.swift */,
			);
			path = MenuBar;
			sourceTree = "<group>";
		};
		1932CD6761816B233EF9DD8D /* Support */ = {
			isa = PBXGroup;
			children = (
				285ABB0A70DEEF1EB273BB34 /* PerchBundle.swift */,
			);
			path = Support;
			sourceTree = "<group>";
		};
		1F2ED792248E385ECA8DAA29 /* Permissions */ = {
			isa = PBXGroup;
			children = (
				03C0C2F8EFF63989F2942688 /* PermissionActions.swift */,
				F8DE7BEBF154784D44C59866 /* PermissionDiffView.swift */,
				21BE802022ABD3D607D1327C /* PermissionPromptView.swift */,
			);
			path = Permissions;
			sourceTree = "<group>";
		};
		2C6F5851A6B9652C9F6BF58E /* Resources */ = {
			isa = PBXGroup;
			children = (
				C0D5083ED2EA9CA77CD69447 /* Assets.xcassets */,
				BB9411F7D775C28F26ADD9C9 /* Mascots */,
			);
			path = Resources;
			sourceTree = "<group>";
		};
		3297D61D554C508FBCB3FAFB /* Shared */ = {
			isa = PBXGroup;
			children = (
				50B83FFA8DCF6E2919AB2D5E /* EmptyStateView.swift */,
				D6FFE009E4C4D446BA03EBA3 /* PanelChrome.swift */,
				66B078A09B8E15B206BB1F24 /* StatusBadge.swift */,
			);
			path = Shared;
			sourceTree = "<group>";
		};
		34F9FB758476260A62ED79CB /* Data */ = {
			isa = PBXGroup;
			children = (
				08744D310C113F4C774856BE /* Database */,
				CB9103CA80A7465C17260687 /* JSONL */,
				B29D0B7A6972BEBF58ED5BCD /* Models */,
			);
			path = Data;
			sourceTree = "<group>";
		};
		37282AFF34A8809742E801BB /* Theming */ = {
			isa = PBXGroup;
			children = (
				B0800E3B42548CFA3442B36A /* PerchTheme.swift */,
				0AF5D8F571AF943657D3D6E4 /* SpriteAccentRenderer.swift */,
				8DAF3CF6D8BE5AA6436B69E7 /* ThemeAccentPalette.swift */,
				2C67C495FDEC64FD896B11EA /* ThemePresets.swift */,
				FEE76DF54BD6F5A9849FE2F5 /* ThemeValidation.swift */,
			);
			path = Theming;
			sourceTree = "<group>";
		};
		3A9B24932F38E76E6899A774 /* Seneca */ = {
			isa = PBXGroup;
			children = (
				05DABE39B3A3301F67BF116A /* SenecaFamiliar.swift */,
				BB8E8D7900146CE925C40A43 /* SenecaTone.swift */,
			);
			path = Seneca;
			sourceTree = "<group>";
		};
		48F2CA88CCC29F9F7918BC65 /* Notch */ = {
			isa = PBXGroup;
			children = (
				BE953E0FD48223CB81DB5A5E /* FamiliarSpriteView.swift */,
				A59EA855777C47DFED439AAC /* NotchMascotOverlayController.swift */,
				134C09C15F05EFA839E5DADF /* NotchPanelController.swift */,
				C66096C9181C1137C4A01946 /* NotchPanelHost.swift */,
				6EA2FFC887FFB50E678811BC /* NotchRootView.swift */,
				89984B8BF8F72DE3134BD96E /* SessionsPanelController.swift */,
				6E5C9EE43BD3884B11AC0554 /* SessionsPanelHost.swift */,
			);
			path = Notch;
			sourceTree = "<group>";
		};
		5604ACE44E439FA92A920531 /* Products */ = {
			isa = PBXGroup;
			children = (
				D41D4D3B908363F711572982 /* Perch.app */,
				6E6B4F6BF233E14E4F3E9ED1 /* PerchCoreTests.xctest */,
				E4E7BBF1469877C9AD9F7AC9 /* PerchFeaturesTests.xctest */,
			);
			name = Products;
			sourceTree = "<group>";
		};
		56DA0D2F02914144214E4D81 /* Settings */ = {
			isa = PBXGroup;
			children = (
				E31A7A3E685F076271676023 /* HookInstallerView.swift */,
				BE4D2FCC725C271B1D9CEBA7 /* LaunchAtLoginController.swift */,
				908F51D3D20378733FD2BCA2 /* LaunchAtLoginSettingsView.swift */,
				74BB2FBC28809244D09B67EA /* SettingsView.swift */,
				926037C818336838DA7EAFF7 /* ThemePickerView.swift */,
				42AAF1F25A9CE998FDC8BF91 /* UpdaterController.swift */,
				0EAC8AFF973826B276D5E31A /* UpdaterSettingsView.swift */,
			);
			path = Settings;
			sourceTree = "<group>";
		};
		72222AA6116664BDCC4721AA /* Onboarding */ = {
			isa = PBXGroup;
			children = (
				DE8698D7DBD91915363CC567 /* OnboardingCoordinator.swift */,
				2BEB810FD07E1D77199A9B56 /* OnboardingRootView.swift */,
				8A9E40CC9B07F8B672649E21 /* OnboardingWindowController.swift */,
				7256A9A65AD1D6EE2181A3D9 /* Steps */,
			);
			path = Onboarding;
			sourceTree = "<group>";
		};
		7256A9A65AD1D6EE2181A3D9 /* Steps */ = {
			isa = PBXGroup;
			children = (
				424392D996C79E043FA047C7 /* CompleteStepView.swift */,
				7AEBD8AA377E7CA242B35EF4 /* FileAccessStepView.swift */,
				F5C436E7AE36A0662CDBF699 /* HooksStepView.swift */,
				0383B8317885F621C68BD55F /* LaunchAtLoginStepView.swift */,
				96E2FFAFF16C3A18766B546F /* WelcomeStepView.swift */,
			);
			path = Steps;
			sourceTree = "<group>";
		};
		73F716A59EBE205DE12112C8 /* PerchFeaturesTests */ = {
			isa = PBXGroup;
			children = (
				DD956BCE7306C3B7BFE6C977 /* MenuBarSceneTests.swift */,
				A4DC2E3EDA084F5D515EB25F /* NotchPanelIntegrationTests.swift */,
				313B187D5CAA0B0DBA48F7A5 /* OnboardingViewRenderTests.swift */,
				AD000764C4B5FFA8C7EBF255 /* PermissionPromptTests.swift */,
				6ACB9B558913C3BF56A65F52 /* SessionListTests.swift */,
			);
			name = PerchFeaturesTests;
			path = Tests/PerchFeaturesTests;
			sourceTree = "<group>";
		};
		818BCB551D9C372CB1B920A0 /* Entitlements */ = {
			isa = PBXGroup;
			children = (
				05202A94B769365E3F5AC6E4 /* Perch.entitlements */,
				EBBBAB6F4FFC09509AA453B7 /* PerchRelease.entitlements */,
			);
			path = Entitlements;
			sourceTree = "<group>";
		};
		86A0165281BDFAB66E63AE9C /* Seneca */ = {
			isa = PBXGroup;
			children = (
				2F2B3ADFFC40F5E2E1CA5AA7 /* alert.png */,
				3C6FEC33D7C97FE367BFF051 /* finished.png */,
				30388DD74DFE901E6F4B219B /* idle.png */,
				6D9A971D6BC3BA8CB4585277 /* README.md */,
				8DBB7E4D356FE5E5893F6358 /* watching.png */,
				9AB843A8754BD97F3DA41C90 /* working.png */,
			);
			path = Seneca;
			sourceTree = "<group>";
		};
		9065A450B18693210FF10CE4 /* PerchCoreTests */ = {
			isa = PBXGroup;
			children = (
				08EF3A5F779A564C55951D0B /* DatabaseRebuildTests.swift */,
				CF993857FB9822DC671DAE16 /* FamiliarBlindnessTests.swift */,
				227AFDD051F29695858A15DE /* HookInstallerTests.swift */,
				A4D96E8A29C1C6D2F9836E13 /* HookRouterTests.swift */,
				CCB4CEF33E43E03ECCC2A35D /* HookServerTests.swift */,
				9799D641C54F556C58A49FAA /* JSONLIndexerTests.swift */,
				464DFB795ABC75FBA6BEE227 /* JSONLParserTests.swift */,
				F5E78ECFBCD358AA77538C59 /* OnboardingCoordinatorTests.swift */,
				6DD19BB770BB07C92D573F05 /* PerchStringsLintTests.swift */,
				E96047FC888D59AF534065A0 /* SessionDiscoveryTests.swift */,
				33FAEFBCD720DB90D3034F57 /* SessionStoreDiscoveryIntegrationTests.swift */,
				719EB739AEEEC9D06251585F /* SessionStoreTests.swift */,
				FF80AE42E73EE052E333D850 /* SpriteAccentRendererTests.swift */,
				3AFA2EA0167A58776DD99D2C /* SpritePaletteValidationTests.swift */,
				25600E42493347547D3C069A /* TerminalJumpServiceTests.swift */,
				AE5540D6CF756DB86548D57B /* ThemeRendererTests.swift */,
				8EE3A2CAD31AD6A045C5E4B8 /* TranscriptLineParserTests.swift */,
			);
			name = PerchCoreTests;
			path = Tests/PerchCoreTests;
			sourceTree = "<group>";
		};
		918B05687B0A795C240AEBBF /* Strings */ = {
			isa = PBXGroup;
			children = (
				E19CF4BFF8BEA2866C18C4E7 /* PerchStrings.swift */,
				B2C20A5DEF252760BC9745C0 /* StringToneContext.swift */,
			);
			path = Strings;
			sourceTree = "<group>";
		};
		9ACD69BF821ED39ACF9CCF2E /* Support */ = {
			isa = PBXGroup;
			children = (
				FF4EEDE70FFEDC908905ED93 /* CLAUDE.md */,
				818BCB551D9C372CB1B920A0 /* Entitlements */,
			);
			path = Support;
			sourceTree = "<group>";
		};
		ADFE8A2789E377235F67FE36 /* Installer */ = {
			isa = PBXGroup;
			children = (
				545B94E9B9B851206206D7A9 /* HookInstallationStatus.swift */,
				8707A4A5A418B984CE4B5A2C /* HookInstaller.swift */,
				7FE06AC8473C9EA71D6E008C /* InstallerError.swift */,
				A49B8683D1DAD82A9EE116A0 /* PerchCleanupMigrator.swift */,
			);
			path = Installer;
			sourceTree = "<group>";
		};
		B29D0B7A6972BEBF58ED5BCD /* Models */ = {
			isa = PBXGroup;
			children = (
				8680DC3E9E9A26405391332F /* SessionMetrics.swift */,
				C0E0D6D6E14069B7B357900C /* TranscriptEvent.swift */,
			);
			path = Models;
			sourceTree = "<group>";
		};
		BB9411F7D775C28F26ADD9C9 /* Mascots */ = {
			isa = PBXGroup;
			children = (
				86A0165281BDFAB66E63AE9C /* Seneca */,
			);
			path = Mascots;
			sourceTree = "<group>";
		};
		BCBDE1045B3C2C8C4DEFBA98 /* PerchApp */ = {
			isa = PBXGroup;
			children = (
				4CBA836A3094E9A122DFCD62 /* AppDelegate.swift */,
				1F2CA40F99DACDD1B58EC41F /* PerchApp.swift */,
			);
			name = PerchApp;
			path = Sources/PerchApp;
			sourceTree = "<group>";
		};
		BE5BED535AAB9EE101A8BEAC /* Familiars */ = {
			isa = PBXGroup;
			children = (
				F98F456022EA3FFACF48502E /* CopyTone.swift */,
				864E3F2CDFA5D45DBE15A5DC /* Familiar.swift */,
				7256BFB999A5794C94F713E1 /* FamiliarRegistry.swift */,
				B026174C50ACCF6386781D7B /* FamiliarState.swift */,
				18BB93C309A83FF7E0F3AEC4 /* MascotID.swift */,
				93F62E049CBF5F9AFE7C79B7 /* SpriteDescriptor.swift */,
				928A7C270450D13DCF544EA4 /* SpriteFrameProvider.swift */,
				3A9B24932F38E76E6899A774 /* Seneca */,
			);
			path = Familiars;
			sourceTree = "<group>";
		};
		BF3F2B02D122C5FDEEC216EA /* HookServer */ = {
			isa = PBXGroup;
			children = (
				AC5EEB2DB0FBBFE48F8433BC /* HookConnection.swift */,
				6A29631F40D05DCCC8649CB1 /* HookEvent.swift */,
				5A0832624780000D77B05609 /* HookRequestParser.swift */,
				B5504BBA2F073DC7C6A4E6E8 /* HookRouter.swift */,
				77EEA55D173B2A10C5CE1B8F /* HookServer.swift */,
				528A9450640A415BFB84794C /* HookServerConfiguration.swift */,
				01423904D39F593E4C8DA668 /* HookServerError.swift */,
			);
			path = HookServer;
			sourceTree = "<group>";
		};
		CB9103CA80A7465C17260687 /* JSONL */ = {
			isa = PBXGroup;
			children = (
				525C59D71D06F36AFE1B4DEC /* JSONLError.swift */,
				21B3DDE4E44CC2BED0C9110D /* JSONLIndexer.swift */,
				6C96031118CFCB367E834D33 /* JSONLParser.swift */,
				A3751491E8AF76AC0CEC1E33 /* JSONLTailer.swift */,
			);
			path = JSONL;
			sourceTree = "<group>";
		};
		D3413E03502BD0999B3DCFB0 /* Terminal */ = {
			isa = PBXGroup;
			children = (
				13E314A26CDFCA78E1576F42 /* LiveClaudeProcessSnapshotter.swift */,
				30E1FC844FC6CABD0324F8A6 /* ProcessLocator.swift */,
				6B3C41EFDE4C2473AA20F86A /* TerminalBundle.swift */,
				556C4884437BEA19BD31C1D3 /* TerminalJumpService.swift */,
			);
			path = Terminal;
			sourceTree = "<group>";
		};
		E2FE76835BB9FBCADB65C38C = {
			isa = PBXGroup;
			children = (
				E32E753CE6364804D2CF49B3 /* Perch */,
				BCBDE1045B3C2C8C4DEFBA98 /* PerchApp */,
				9065A450B18693210FF10CE4 /* PerchCoreTests */,
				73F716A59EBE205DE12112C8 /* PerchFeaturesTests */,
				9ACD69BF821ED39ACF9CCF2E /* Support */,
				5604ACE44E439FA92A920531 /* Products */,
			);
			sourceTree = "<group>";
		};
		E32E753CE6364804D2CF49B3 /* Perch */ = {
			isa = PBXGroup;
			children = (
				0B2E51A58068EA70687A2C2A /* Composition */,
				34F9FB758476260A62ED79CB /* Data */,
				BE5BED535AAB9EE101A8BEAC /* Familiars */,
				BF3F2B02D122C5FDEEC216EA /* HookServer */,
				ADFE8A2789E377235F67FE36 /* Installer */,
				13C84725CB87C20F53F53FD2 /* MenuBar */,
				48F2CA88CCC29F9F7918BC65 /* Notch */,
				72222AA6116664BDCC4721AA /* Onboarding */,
				1F2ED792248E385ECA8DAA29 /* Permissions */,
				2C6F5851A6B9652C9F6BF58E /* Resources */,
				1091B1D962156521A9FFC87D /* Session */,
				E973F7DCBCE7A01B9C96ED7A /* SessionList */,
				56DA0D2F02914144214E4D81 /* Settings */,
				3297D61D554C508FBCB3FAFB /* Shared */,
				918B05687B0A795C240AEBBF /* Strings */,
				1932CD6761816B233EF9DD8D /* Support */,
				D3413E03502BD0999B3DCFB0 /* Terminal */,
				37282AFF34A8809742E801BB /* Theming */,
			);
			name = Perch;
			path = Sources/Perch;
			sourceTree = "<group>";
		};
		E973F7DCBCE7A01B9C96ED7A /* SessionList */ = {
			isa = PBXGroup;
			children = (
				3F91834F34D45848870EBB20 /* SessionHotkeyController.swift */,
				8B82B2A9A4741942046940A2 /* SessionListView.swift */,
				463168C7A038F8AF3EB5F4E4 /* SessionRowView.swift */,
			);
			path = SessionList;
			sourceTree = "<group>";
		};
/* End PBXGroup section */

/* Begin PBXNativeTarget section */
		29F815E8D35CF5DCC5236960 /* PerchCoreTests */ = {
			isa = PBXNativeTarget;
			buildConfigurationList = BE957F5FE8A840592CF1432E /* Build configuration list for PBXNativeTarget "PerchCoreTests" */;
			buildPhases = (
				98FAD24F602916667EAA0394 /* Sources */,
				2562A1248D3C699526DA770D /* Frameworks */,
			);
			buildRules = (
			);
			dependencies = (
				B81E790351245E690B154A8D /* PBXTargetDependency */,
			);
			name = PerchCoreTests;
			packageProductDependencies = (
				A4746DD116F655857E8335C5 /* SnapshotTesting */,
			);
			productName = PerchCoreTests;
			productReference = 6E6B4F6BF233E14E4F3E9ED1 /* PerchCoreTests.xctest */;
			productType = "com.apple.product-type.bundle.unit-test";
		};
		45DC64F4606392864F14C513 /* Perch */ = {
			isa = PBXNativeTarget;
			buildConfigurationList = 4E7BAC100ADA994FCF785195 /* Build configuration list for PBXNativeTarget "Perch" */;
			buildPhases = (
				D1A1C77C580B3DEA6A464FB2 /* Sources */,
				2C8B29F9A60922A813480135 /* Resources */,
				599C95ED543616392CB25279 /* Frameworks */,
			);
			buildRules = (
			);
			dependencies = (
			);
			name = Perch;
			packageProductDependencies = (
				BD2BB7868F4DA036EA3F81A2 /* GRDB */,
				E3BB5F1DB6BAED23E792A030 /* Sparkle */,
				75A2903CC147D499A9FE1D87 /* KeyboardShortcuts */,
			);
			productName = Perch;
			productReference = D41D4D3B908363F711572982 /* Perch.app */;
			productType = "com.apple.product-type.application";
		};
		DDA89ABE77128FE8E4A7B370 /* PerchFeaturesTests */ = {
			isa = PBXNativeTarget;
			buildConfigurationList = 9AEEAE71C05D2CA570EA611D /* Build configuration list for PBXNativeTarget "PerchFeaturesTests" */;
			buildPhases = (
				4BDE02393D4355CA0A4DEE1E /* Sources */,
			);
			buildRules = (
			);
			dependencies = (
				E3CC4D234ACE8E0AD4BFFD53 /* PBXTargetDependency */,
			);
			name = PerchFeaturesTests;
			packageProductDependencies = (
			);
			productName = PerchFeaturesTests;
			productReference = E4E7BBF1469877C9AD9F7AC9 /* PerchFeaturesTests.xctest */;
			productType = "com.apple.product-type.bundle.unit-test";
		};
/* End PBXNativeTarget section */

/* Begin PBXProject section */
		78904F42286EE3E52ED2700B /* Project object */ = {
			isa = PBXProject;
			attributes = {
				BuildIndependentTargetsInParallel = YES;
				LastUpgradeCheck = 1430;
				TargetAttributes = {
				};
			};
			buildConfigurationList = E6AE955975C9C0B42C636FA3 /* Build configuration list for PBXProject "Perch" */;
			developmentRegion = en;
			hasScannedForEncodings = 0;
			knownRegions = (
				Base,
				en,
			);
			mainGroup = E2FE76835BB9FBCADB65C38C;
			minimizedProjectReferenceProxies = 1;
			packageReferences = (
				67C1D553D36185BAB0DC06A1 /* XCRemoteSwiftPackageReference "GRDB.swift" */,
				653C0FA59B3DA9F789B4906B /* XCRemoteSwiftPackageReference "KeyboardShortcuts" */,
				FA04AEB8A8074AB2BDF20430 /* XCRemoteSwiftPackageReference "swift-snapshot-testing" */,
				8C879B7CA78D6CA0967E2DD0 /* XCRemoteSwiftPackageReference "Sparkle" */,
			);
			preferredProjectObjectVersion = 77;
			productRefGroup = 5604ACE44E439FA92A920531 /* Products */;
			projectDirPath = "";
			projectRoot = "";
			targets = (
				45DC64F4606392864F14C513 /* Perch */,
				29F815E8D35CF5DCC5236960 /* PerchCoreTests */,
				DDA89ABE77128FE8E4A7B370 /* PerchFeaturesTests */,
			);
		};
/* End PBXProject section */

/* Begin PBXResourcesBuildPhase section */
		2C8B29F9A60922A813480135 /* Resources */ = {
			isa = PBXResourcesBuildPhase;
			buildActionMask = 2147483647;
			files = (
				43419DBBFAA9A7474A23716E /* Assets.xcassets in Resources */,
				A8DE1161083BE09C7908A883 /* CLAUDE.md in Resources */,
				EAC0617D0719C357433373E9 /* README.md in Resources */,
				4FBA7A4E4FF8A399E133A893 /* alert.png in Resources */,
				0460DBB2D0D2CA5D35908B8A /* finished.png in Resources */,
				2B01615297A6683383E155CF /* idle.png in Resources */,
				425942499EB14F039BAF9247 /* watching.png in Resources */,
				CEE9F92EA62A66851C9FB0AF /* working.png in Resources */,
			);
			runOnlyForDeploymentPostprocessing = 0;
		};
/* End PBXResourcesBuildPhase section */

/* Begin PBXSourcesBuildPhase section */
		4BDE02393D4355CA0A4DEE1E /* Sources */ = {
			isa = PBXSourcesBuildPhase;
			buildActionMask = 2147483647;
			files = (
				F98592557D4334A4AB4F4300 /* MenuBarSceneTests.swift in Sources */,
				B32BAB02B9FA654DC2EFDD34 /* NotchPanelIntegrationTests.swift in Sources */,
				8E8BC36DBEC7037B36BED6BD /* OnboardingViewRenderTests.swift in Sources */,
				51A0974F95AAFD76BA72F73B /* PermissionPromptTests.swift in Sources */,
				FA567A0F6F604706117D1B0D /* SessionListTests.swift in Sources */,
			);
			runOnlyForDeploymentPostprocessing = 0;
		};
		98FAD24F602916667EAA0394 /* Sources */ = {
			isa = PBXSourcesBuildPhase;
			buildActionMask = 2147483647;
			files = (
				4B305C8D2DB93F7FFD50DF7E /* DatabaseRebuildTests.swift in Sources */,
				6EE538A6E277F6145BFB0BD8 /* FamiliarBlindnessTests.swift in Sources */,
				AAD1216EECF12663B2B9BFB5 /* HookInstallerTests.swift in Sources */,
				6C78E74FC5A146F2A17EDDBF /* HookRouterTests.swift in Sources */,
				6EF1CA825459C38B4ED0BED7 /* HookServerTests.swift in Sources */,
				15A5D6F4E65A0A42A7972014 /* JSONLIndexerTests.swift in Sources */,
				47F1275A0123BAA61BED99FB /* JSONLParserTests.swift in Sources */,
				34C8AF582B398DE1D158CB9C /* OnboardingCoordinatorTests.swift in Sources */,
				F97F725BD3A848AD951E9817 /* PerchStringsLintTests.swift in Sources */,
				A6355F949C92090441F8CDC7 /* SessionDiscoveryTests.swift in Sources */,
				211ECB3456FFF6F8DDF230E4 /* SessionStoreDiscoveryIntegrationTests.swift in Sources */,
				4E7C17565FA860167A578F3A /* SessionStoreTests.swift in Sources */,
				167CC010789718DBE840FAEA /* SpriteAccentRendererTests.swift in Sources */,
				953542429666FC8AC94A3CE0 /* SpritePaletteValidationTests.swift in Sources */,
				4BA1825172CA353597F5F6C7 /* TerminalJumpServiceTests.swift in Sources */,
				094BDC89D7304F9A2D648DFA /* ThemeRendererTests.swift in Sources */,
				5568BB17F0AECDCF2F305990 /* TranscriptLineParserTests.swift in Sources */,
			);
			runOnlyForDeploymentPostprocessing = 0;
		};
		D1A1C77C580B3DEA6A464FB2 /* Sources */ = {
			isa = PBXSourcesBuildPhase;
			buildActionMask = 2147483647;
			files = (
				98BE174186DDA3205C8B6938 /* AppBootstrap.swift in Sources */,
				59E47E209F8A1F532BCB1A9F /* AppDelegate.swift in Sources */,
				6212F2D4E54766ABDC952B6D /* AppEnvironment.swift in Sources */,
				D5CAB17152CE08AFE2907121 /* CompleteStepView.swift in Sources */,
				9A2B56FEB5F806E0A44189C1 /* ContextWindowStatus.swift in Sources */,
				CB502FEAC53053AB7E70F5CF /* CopyTone.swift in Sources */,
				427D7B3E933DC82318B9032D /* DatabaseManager.swift in Sources */,
				68A555FF08765328D5551E57 /* DatabaseMigrations.swift in Sources */,
				4809041733D5E077A571115E /* DiscoveredSession.swift in Sources */,
				6BD4057D49204A07B554372A /* EmptyStateView.swift in Sources */,
				E7841446503C0325D5FA228D /* Familiar.swift in Sources */,
				78459487C197A245E9345685 /* FamiliarRegistry.swift in Sources */,
				0BD9E800A6D68844A24F4AA7 /* FamiliarSpriteView.swift in Sources */,
				BC7012C74EBBA9195A9B0495 /* FamiliarState.swift in Sources */,
				72612691B9111938894A04B2 /* FileAccessStepView.swift in Sources */,
				85B3CD927A0C0F5B4F7E0C72 /* HookConnection.swift in Sources */,
				8E954F2F11B83BA4B1F560D8 /* HookEvent.swift in Sources */,
				24D2FEBC3C2A0CAC032BB05E /* HookInstallationStatus.swift in Sources */,
				A7D4B7E4419E61C07A306E5C /* HookInstaller.swift in Sources */,
				4EA2E34906995444CF2FF2EF /* HookInstallerView.swift in Sources */,
				415C018DB200CEFD391F5CB6 /* HookRequestParser.swift in Sources */,
				360ED75074DAE3825C409E43 /* HookRouter.swift in Sources */,
				4250823A3E4370FDBD56E2B2 /* HookServer.swift in Sources */,
				43DB4FE295991FDFCEB493E3 /* HookServerConfiguration.swift in Sources */,
				3EFC1516B9F00C9000D15592 /* HookServerError.swift in Sources */,
				3EEB158EAE5F34731E796E90 /* HooksStepView.swift in Sources */,
				33EABE946C8A811879371590 /* InstallerError.swift in Sources */,
				E0DED112AB19AF92BD3AB221 /* JSONLError.swift in Sources */,
				AC318FD1B19119F4F344789F /* JSONLIndexer.swift in Sources */,
				9470D332D9DCDE843CE69C67 /* JSONLParser.swift in Sources */,
				E187F2FB58925BEA1A75F36E /* JSONLTailer.swift in Sources */,
				9647AC9938DE3413452845F2 /* LaunchAtLoginController.swift in Sources */,
				7CA448A54A18E9C786BC5E03 /* LaunchAtLoginSettingsView.swift in Sources */,
				4F1CECAA3B847E453A431917 /* LaunchAtLoginStepView.swift in Sources */,
				23EB2F5F026C8EC9A9DC5995 /* LifecycleState.swift in Sources */,
				2425FFB732557301BE7D10D4 /* LiveClaudeProcessSnapshotter.swift in Sources */,
				B9E9AF94458C16FB08FCF7E2 /* LiveTurn.swift in Sources */,
				B9266ED2EB212E03C389C1BA /* MascotID.swift in Sources */,
				7EB4845294F49891FB2F408C /* MenuBarIconView.swift in Sources */,
				B2672D1747C5A5946198F6B4 /* MenuBarMenuView.swift in Sources */,
				76552B40F109458D5426C3B3 /* MenuBarScene.swift in Sources */,
				9EF9EC120FB523514C5D9DEF /* NotchMascotOverlayController.swift in Sources */,
				BB2F5FD319F4B363B84A8205 /* NotchPanelController.swift in Sources */,
				77EEB5E6495CC2E4CA6EF142 /* NotchPanelHost.swift in Sources */,
				C1E6CD7634F36BAF6E4E6F46 /* NotchRootView.swift in Sources */,
				D3A11343BDC3303906A9D677 /* NotificationSound.swift in Sources */,
				804B4DFB02F0E4B4A47D59FD /* OnboardingCoordinator.swift in Sources */,
				3A264A24EC604E212E4DEB20 /* OnboardingRootView.swift in Sources */,
				6D2DF99257883528DD976D57 /* OnboardingWindowController.swift in Sources */,
				BC50D12D3489E36FE094A1F1 /* PanelChrome.swift in Sources */,
				F61EB452F1AE0EF4AC6F73A4 /* PerchApp.swift in Sources */,
				59218108D9BEBB6BDA3A2F7B /* PerchBundle.swift in Sources */,
				66B07D5635C8A78DD0F5AFA9 /* PerchCleanupMigrator.swift in Sources */,
				A6F0725FED9B279B3D4C190F /* PerchStrings.swift in Sources */,
				20BF133D7F1254303C90E006 /* PerchTheme.swift in Sources */,
				FD713BA1A67518E3A2185AC1 /* PermissionActions.swift in Sources */,
				9E50CFCCAA824B5D88A5A001 /* PermissionDiffView.swift in Sources */,
				DF7EB9E0BA4B2E895C7951AD /* PermissionPromptView.swift in Sources */,
				E285BF6F4B8E354D0FCB5ADC /* PermissionRequest.swift in Sources */,
				247738525520FA5DCB7EC5BF /* ProcessLocator.swift in Sources */,
				E64449967A20F40C00C8E300 /* SenecaFamiliar.swift in Sources */,
				465BA40CB5C468D8D34AB3BC /* SenecaTone.swift in Sources */,
				A6603061DF14979B078D4B9D /* SessionCountdown.swift in Sources */,
				35AB83761083E6E5A36F9944 /* SessionDiscovery.swift in Sources */,
				A86AB6E70D425FE6DC4BB1C4 /* SessionHotkeyController.swift in Sources */,
				6EFBECCEAC8849C37CECE624 /* SessionListView.swift in Sources */,
				C29EDF6A1453B957646116AB /* SessionMetrics.swift in Sources */,
				0283EABBC25562277EE448FC /* SessionRecord.swift in Sources */,
				564351C32A815B056076679F /* SessionRowView.swift in Sources */,
				7BF1C83FB18DA491FDC82214 /* SessionSnapshot.swift in Sources */,
				F7FA02D3B7E0A07D8AB8046A /* SessionState.swift in Sources */,
				C83B402B4FF9AA1F208FD8A1 /* SessionStore.swift in Sources */,
				8318BB09E28BD6FAA4B3E6F3 /* SessionsPanelController.swift in Sources */,
				D4693186406075790C9E9366 /* SessionsPanelHost.swift in Sources */,
				6D161456DF39766BF61C73F0 /* SettingsView.swift in Sources */,
				E947AEC96F48C3B84E13A165 /* SpriteAccentRenderer.swift in Sources */,
				377195DB7A487CC49A27F673 /* SpriteDescriptor.swift in Sources */,
				7453BF0045FBDF624B4BCCDA /* SpriteFrameProvider.swift in Sources */,
				3A728889FDD049855BD6FD3C /* StatusBadge.swift in Sources */,
				C8A92526116FD2782ACAC2FC /* StringToneContext.swift in Sources */,
				3835B97A0A0752C620DCA3B8 /* TerminalBundle.swift in Sources */,
				8922674AF9E32957123C702E /* TerminalJumpService.swift in Sources */,
				83C2307B76F65E8ED370AA81 /* ThemeAccentPalette.swift in Sources */,
				B66D35C02AC9E4925C16CC5B /* ThemePickerView.swift in Sources */,
				8191F1E719512FD21F3B4654 /* ThemePresets.swift in Sources */,
				4FBBA1EFF047D39BA2765581 /* ThemeValidation.swift in Sources */,
				361C135902CAD47C4D258366 /* TranscriptEvent.swift in Sources */,
				7506FF518524C39EE975EEC4 /* TranscriptFileWatcher.swift in Sources */,
				5CD4E9269FA6673B86A0DD31 /* TranscriptLineParser.swift in Sources */,
				C4B45B74C6C56CA21D6BBBDF /* TranscriptTailer.swift in Sources */,
				043A08FE6EAC2F093BD46616 /* UpdaterController.swift in Sources */,
				7B38124F09E8FD04349F5771 /* UpdaterSettingsView.swift in Sources */,
				03D12E1FAC8225EB99A6DA3E /* WelcomeStepView.swift in Sources */,
			);
			runOnlyForDeploymentPostprocessing = 0;
		};
/* End PBXSourcesBuildPhase section */

/* Begin PBXTargetDependency section */
		B81E790351245E690B154A8D /* PBXTargetDependency */ = {
			isa = PBXTargetDependency;
			target = 45DC64F4606392864F14C513 /* Perch */;
			targetProxy = B76DE420357A0170F6711DE9 /* PBXContainerItemProxy */;
		};
		E3CC4D234ACE8E0AD4BFFD53 /* PBXTargetDependency */ = {
			isa = PBXTargetDependency;
			target = 45DC64F4606392864F14C513 /* Perch */;
			targetProxy = 6503BCECC233B7BEF46AD1BC /* PBXContainerItemProxy */;
		};
/* End PBXTargetDependency section */

/* Begin XCBuildConfiguration section */
		0F6AD60D2124FA67F1FB6499 /* Release */ = {
			isa = XCBuildConfiguration;
			buildSettings = {
				ALWAYS_SEARCH_USER_PATHS = NO;
				CLANG_ANALYZER_NONNULL = YES;
				CLANG_ANALYZER_NUMBER_OBJECT_CONVERSION = YES_AGGRESSIVE;
				CLANG_CXX_LANGUAGE_STANDARD = "gnu++14";
				CLANG_CXX_LIBRARY = "libc++";
				CLANG_ENABLE_MODULES = YES;
				CLANG_ENABLE_OBJC_ARC = YES;
				CLANG_ENABLE_OBJC_WEAK = YES;
				CLANG_WARN_BLOCK_CAPTURE_AUTORELEASING = YES;
				CLANG_WARN_BOOL_CONVERSION = YES;
				CLANG_WARN_COMMA = YES;
				CLANG_WARN_CONSTANT_CONVERSION = YES;
				CLANG_WARN_DEPRECATED_OBJC_IMPLEMENTATIONS = YES;
				CLANG_WARN_DIRECT_OBJC_ISA_USAGE = YES_ERROR;
				CLANG_WARN_DOCUMENTATION_COMMENTS = YES;
				CLANG_WARN_EMPTY_BODY = YES;
				CLANG_WARN_ENUM_CONVERSION = YES;
				CLANG_WARN_INFINITE_RECURSION = YES;
				CLANG_WARN_INT_CONVERSION = YES;
				CLANG_WARN_NON_LITERAL_NULL_CONVERSION = YES;
				CLANG_WARN_OBJC_IMPLICIT_RETAIN_SELF = YES;
				CLANG_WARN_OBJC_LITERAL_CONVERSION = YES;
				CLANG_WARN_OBJC_ROOT_CLASS = YES_ERROR;
				CLANG_WARN_QUOTED_INCLUDE_IN_FRAMEWORK_HEADER = YES;
				CLANG_WARN_RANGE_LOOP_ANALYSIS = YES;
				CLANG_WARN_STRICT_PROTOTYPES = YES;
				CLANG_WARN_SUSPICIOUS_MOVE = YES;
				CLANG_WARN_UNGUARDED_AVAILABILITY = YES_AGGRESSIVE;
				CLANG_WARN_UNREACHABLE_CODE = YES;
				CLANG_WARN__DUPLICATE_METHOD_MATCH = YES;
				COPY_PHASE_STRIP = NO;
				DEBUG_INFORMATION_FORMAT = "dwarf-with-dsym";
				ENABLE_NS_ASSERTIONS = NO;
				ENABLE_STRICT_OBJC_MSGSEND = YES;
				GCC_C_LANGUAGE_STANDARD = gnu11;
				GCC_NO_COMMON_BLOCKS = YES;
				GCC_WARN_64_TO_32_BIT_CONVERSION = YES;
				GCC_WARN_ABOUT_RETURN_TYPE = YES_ERROR;
				GCC_WARN_UNDECLARED_SELECTOR = YES;
				GCC_WARN_UNINITIALIZED_AUTOS = YES_AGGRESSIVE;
				GCC_WARN_UNUSED_FUNCTION = YES;
				GCC_WARN_UNUSED_VARIABLE = YES;
				MACOSX_DEPLOYMENT_TARGET = 14.0;
				MTL_ENABLE_DEBUG_INFO = NO;
				MTL_FAST_MATH = YES;
				PRODUCT_BUNDLE_IDENTIFIER = com.perch.app;
				PRODUCT_NAME = "$(TARGET_NAME)";
				SDKROOT = macosx;
				SWIFT_COMPILATION_MODE = wholemodule;
				SWIFT_OPTIMIZATION_LEVEL = "-O";
				SWIFT_STRICT_CONCURRENCY = complete;
				SWIFT_VERSION = 6.0;
				baseConfig = Support/Config/Release.xcconfig;
			};
			name = Release;
		};
		204E4DAFE4A978BD53C4066A /* Debug */ = {
			isa = XCBuildConfiguration;
			buildSettings = {
				ASSETCATALOG_COMPILER_APPICON_NAME = AppIcon;
				CODE_SIGN_ENTITLEMENTS = Support/Entitlements/Perch.entitlements;
				COMBINE_HIDPI_IMAGES = YES;
				GENERATE_INFOPLIST_FILE = YES;
				INFOPLIST_KEY_LSMinimumSystemVersion = 14.0;
				INFOPLIST_KEY_LSUIElement = YES;
				LD_RUNPATH_SEARCH_PATHS = (
					"$(inherited)",
					"@executable_path/../Frameworks",
				);
				PRODUCT_NAME = Perch;
				SDKROOT = macosx;
			};
			name = Debug;
		};
		504732C2EA025E8E854CDC83 /* Release */ = {
			isa = XCBuildConfiguration;
			buildSettings = {
				BUNDLE_LOADER = "$(TEST_HOST)";
				COMBINE_HIDPI_IMAGES = YES;
				LD_RUNPATH_SEARCH_PATHS = (
					"$(inherited)",
					"@executable_path/../Frameworks",
					"@loader_path/../Frameworks",
				);
				SDKROOT = macosx;
				TEST_HOST = "$(BUILT_PRODUCTS_DIR)/Perch.app/Contents/MacOS/Perch";
			};
			name = Release;
		};
		507E4F50E5F7A45586DB0F00 /* Debug */ = {
			isa = XCBuildConfiguration;
			buildSettings = {
				BUNDLE_LOADER = "$(TEST_HOST)";
				COMBINE_HIDPI_IMAGES = YES;
				LD_RUNPATH_SEARCH_PATHS = (
					"$(inherited)",
					"@executable_path/../Frameworks",
					"@loader_path/../Frameworks",
				);
				SDKROOT = macosx;
				TEST_HOST = "$(BUILT_PRODUCTS_DIR)/Perch.app/Contents/MacOS/Perch";
			};
			name = Debug;
		};
		87B4A2302ED26CEE038C37EA /* Debug */ = {
			isa = XCBuildConfiguration;
			buildSettings = {
				BUNDLE_LOADER = "$(TEST_HOST)";
				COMBINE_HIDPI_IMAGES = YES;
				LD_RUNPATH_SEARCH_PATHS = (
					"$(inherited)",
					"@executable_path/../Frameworks",
					"@loader_path/../Frameworks",
				);
				SDKROOT = macosx;
				TEST_HOST = "$(BUILT_PRODUCTS_DIR)/Perch.app/Contents/MacOS/Perch";
			};
			name = Debug;
		};
		99C45836D2F1D4E548E783B4 /* Debug */ = {
			isa = XCBuildConfiguration;
			buildSettings = {
				ALWAYS_SEARCH_USER_PATHS = NO;
				CLANG_ANALYZER_NONNULL = YES;
				CLANG_ANALYZER_NUMBER_OBJECT_CONVERSION = YES_AGGRESSIVE;
				CLANG_CXX_LANGUAGE_STANDARD = "gnu++14";
				CLANG_CXX_LIBRARY = "libc++";
				CLANG_ENABLE_MODULES = YES;
				CLANG_ENABLE_OBJC_ARC = YES;
				CLANG_ENABLE_OBJC_WEAK = YES;
				CLANG_WARN_BLOCK_CAPTURE_AUTORELEASING = YES;
				CLANG_WARN_BOOL_CONVERSION = YES;
				CLANG_WARN_COMMA = YES;
				CLANG_WARN_CONSTANT_CONVERSION = YES;
				CLANG_WARN_DEPRECATED_OBJC_IMPLEMENTATIONS = YES;
				CLANG_WARN_DIRECT_OBJC_ISA_USAGE = YES_ERROR;
				CLANG_WARN_DOCUMENTATION_COMMENTS = YES;
				CLANG_WARN_EMPTY_BODY = YES;
				CLANG_WARN_ENUM_CONVERSION = YES;
				CLANG_WARN_INFINITE_RECURSION = YES;
				CLANG_WARN_INT_CONVERSION = YES;
				CLANG_WARN_NON_LITERAL_NULL_CONVERSION = YES;
				CLANG_WARN_OBJC_IMPLICIT_RETAIN_SELF = YES;
				CLANG_WARN_OBJC_LITERAL_CONVERSION = YES;
				CLANG_WARN_OBJC_ROOT_CLASS = YES_ERROR;
				CLANG_WARN_QUOTED_INCLUDE_IN_FRAMEWORK_HEADER = YES;
				CLANG_WARN_RANGE_LOOP_ANALYSIS = YES;
				CLANG_WARN_STRICT_PROTOTYPES = YES;
				CLANG_WARN_SUSPICIOUS_MOVE = YES;
				CLANG_WARN_UNGUARDED_AVAILABILITY = YES_AGGRESSIVE;
				CLANG_WARN_UNREACHABLE_CODE = YES;
				CLANG_WARN__DUPLICATE_METHOD_MATCH = YES;
				COPY_PHASE_STRIP = NO;
				DEBUG_INFORMATION_FORMAT = dwarf;
				ENABLE_STRICT_OBJC_MSGSEND = YES;
				ENABLE_TESTABILITY = YES;
				GCC_C_LANGUAGE_STANDARD = gnu11;
				GCC_DYNAMIC_NO_PIC = NO;
				GCC_NO_COMMON_BLOCKS = YES;
				GCC_OPTIMIZATION_LEVEL = 0;
				GCC_PREPROCESSOR_DEFINITIONS = (
					"$(inherited)",
					"DEBUG=1",
				);
				GCC_WARN_64_TO_32_BIT_CONVERSION = YES;
				GCC_WARN_ABOUT_RETURN_TYPE = YES_ERROR;
				GCC_WARN_UNDECLARED_SELECTOR = YES;
				GCC_WARN_UNINITIALIZED_AUTOS = YES_AGGRESSIVE;
				GCC_WARN_UNUSED_FUNCTION = YES;
				GCC_WARN_UNUSED_VARIABLE = YES;
				MACOSX_DEPLOYMENT_TARGET = 14.0;
				MTL_ENABLE_DEBUG_INFO = INCLUDE_SOURCE;
				MTL_FAST_MATH = YES;
				ONLY_ACTIVE_ARCH = YES;
				PRODUCT_BUNDLE_IDENTIFIER = com.perch.app;
				PRODUCT_NAME = "$(TARGET_NAME)";
				SDKROOT = macosx;
				SWIFT_ACTIVE_COMPILATION_CONDITIONS = DEBUG;
				SWIFT_OPTIMIZATION_LEVEL = "-Onone";
				SWIFT_STRICT_CONCURRENCY = complete;
				SWIFT_VERSION = 6.0;
				baseConfig = Support/Config/Debug.xcconfig;
			};
			name = Debug;
		};
		DD1BC7C1BF042D41AC16AD92 /* Release */ = {
			isa = XCBuildConfiguration;
			buildSettings = {
				ASSETCATALOG_COMPILER_APPICON_NAME = AppIcon;
				CODE_SIGN_ENTITLEMENTS = Support/Entitlements/Perch.entitlements;
				COMBINE_HIDPI_IMAGES = YES;
				GENERATE_INFOPLIST_FILE = YES;
				INFOPLIST_KEY_LSMinimumSystemVersion = 14.0;
				INFOPLIST_KEY_LSUIElement = YES;
				LD_RUNPATH_SEARCH_PATHS = (
					"$(inherited)",
					"@executable_path/../Frameworks",
				);
				PRODUCT_NAME = Perch;
				SDKROOT = macosx;
			};
			name = Release;
		};
		F54B744BA00FC4FC239BAF7A /* Release */ = {
			isa = XCBuildConfiguration;
			buildSettings = {
				BUNDLE_LOADER = "$(TEST_HOST)";
				COMBINE_HIDPI_IMAGES = YES;
				LD_RUNPATH_SEARCH_PATHS = (
					"$(inherited)",
					"@executable_path/../Frameworks",
					"@loader_path/../Frameworks",
				);
				SDKROOT = macosx;
				TEST_HOST = "$(BUILT_PRODUCTS_DIR)/Perch.app/Contents/MacOS/Perch";
			};
			name = Release;
		};
/* End XCBuildConfiguration section */

/* Begin XCConfigurationList section */
		4E7BAC100ADA994FCF785195 /* Build configuration list for PBXNativeTarget "Perch" */ = {
			isa = XCConfigurationList;
			buildConfigurations = (
				204E4DAFE4A978BD53C4066A /* Debug */,
				DD1BC7C1BF042D41AC16AD92 /* Release */,
			);
			defaultConfigurationIsVisible = 0;
			defaultConfigurationName = Debug;
		};
		9AEEAE71C05D2CA570EA611D /* Build configuration list for PBXNativeTarget "PerchFeaturesTests" */ = {
			isa = XCConfigurationList;
			buildConfigurations = (
				507E4F50E5F7A45586DB0F00 /* Debug */,
				F54B744BA00FC4FC239BAF7A /* Release */,
			);
			defaultConfigurationIsVisible = 0;
			defaultConfigurationName = Debug;
		};
		BE957F5FE8A840592CF1432E /* Build configuration list for PBXNativeTarget "PerchCoreTests" */ = {
			isa = XCConfigurationList;
			buildConfigurations = (
				87B4A2302ED26CEE038C37EA /* Debug */,
				504732C2EA025E8E854CDC83 /* Release */,
			);
			defaultConfigurationIsVisible = 0;
			defaultConfigurationName = Debug;
		};
		E6AE955975C9C0B42C636FA3 /* Build configuration list for PBXProject "Perch" */ = {
			isa = XCConfigurationList;
			buildConfigurations = (
				99C45836D2F1D4E548E783B4 /* Debug */,
				0F6AD60D2124FA67F1FB6499 /* Release */,
			);
			defaultConfigurationIsVisible = 0;
			defaultConfigurationName = Debug;
		};
/* End XCConfigurationList section */

/* Begin XCRemoteSwiftPackageReference section */
		653C0FA59B3DA9F789B4906B /* XCRemoteSwiftPackageReference "KeyboardShortcuts" */ = {
			isa = XCRemoteSwiftPackageReference;
			repositoryURL = "https://github.com/sindresorhus/KeyboardShortcuts.git";
			requirement = {
				kind = upToNextMajorVersion;
				minimumVersion = 2.4.0;
			};
		};
		67C1D553D36185BAB0DC06A1 /* XCRemoteSwiftPackageReference "GRDB.swift" */ = {
			isa = XCRemoteSwiftPackageReference;
			repositoryURL = "https://github.com/groue/GRDB.swift.git";
			requirement = {
				kind = upToNextMajorVersion;
				minimumVersion = 7.0.0;
			};
		};
		8C879B7CA78D6CA0967E2DD0 /* XCRemoteSwiftPackageReference "Sparkle" */ = {
			isa = XCRemoteSwiftPackageReference;
			repositoryURL = "https://github.com/sparkle-project/Sparkle.git";
			requirement = {
				kind = upToNextMajorVersion;
				minimumVersion = 2.7.1;
			};
		};
		FA04AEB8A8074AB2BDF20430 /* XCRemoteSwiftPackageReference "swift-snapshot-testing" */ = {
			isa = XCRemoteSwiftPackageReference;
			repositoryURL = "https://github.com/pointfreeco/swift-snapshot-testing.git";
			requirement = {
				kind = upToNextMajorVersion;
				minimumVersion = 1.17.0;
			};
		};
/* End XCRemoteSwiftPackageReference section */

/* Begin XCSwiftPackageProductDependency section */
		75A2903CC147D499A9FE1D87 /* KeyboardShortcuts */ = {
			isa = XCSwiftPackageProductDependency;
			package = 653C0FA59B3DA9F789B4906B /* XCRemoteSwiftPackageReference "KeyboardShortcuts" */;
			productName = KeyboardShortcuts;
		};
		A4746DD116F655857E8335C5 /* SnapshotTesting */ = {
			isa = XCSwiftPackageProductDependency;
			package = FA04AEB8A8074AB2BDF20430 /* XCRemoteSwiftPackageReference "swift-snapshot-testing" */;
			productName = SnapshotTesting;
		};
		BD2BB7868F4DA036EA3F81A2 /* GRDB */ = {
			isa = XCSwiftPackageProductDependency;
			package = 67C1D553D36185BAB0DC06A1 /* XCRemoteSwiftPackageReference "GRDB.swift" */;
			productName = GRDB;
		};
		E3BB5F1DB6BAED23E792A030 /* Sparkle */ = {
			isa = XCSwiftPackageProductDependency;
			package = 8C879B7CA78D6CA0967E2DD0 /* XCRemoteSwiftPackageReference "Sparkle" */;
			productName = Sparkle;
		};
/* End XCSwiftPackageProductDependency section */
	};
	rootObject = 78904F42286EE3E52ED2700B /* Project object */;
}
